// !$*UTF8*$!
{
	archiveVersion = 1;
	classes = {
	};
	objectVersion = 55;
	objects = {

/* Begin PBXBuildFile section */
		F7B5051C28CDC46800E93269 /* AppDelegate.swift in Sources */ = {isa = PBXBuildFile; fileRef = F7B5051B28CDC46800E93269 /* AppDelegate.swift */; };
		F7B5051E28CDC46800E93269 /* SceneDelegate.swift in Sources */ = {isa = PBXBuildFile; fileRef = F7B5051D28CDC46800E93269 /* SceneDelegate.swift */; };
		F7B5052028CDC46800E93269 /* ViewController.swift in Sources */ = {isa = PBXBuildFile; fileRef = F7B5051F28CDC46800E93269 /* ViewController.swift */; };
		F7B5052328CDC46800E93269 /* Main.storyboard in Resources */ = {isa = PBXBuildFile; fileRef = F7B5052128CDC46800E93269 /* Main.storyboard */; };
		F7B5052528CDC46900E93269 /* Assets.xcassets in Resources */ = {isa = PBXBuildFile; fileRef = F7B5052428CDC46900E93269 /* Assets.xcassets */; };
		F7B5052828CDC46900E93269 /* LaunchScreen.storyboard in Resources */ = {isa = PBXBuildFile; fileRef = F7B5052628CDC46900E93269 /* LaunchScreen.storyboard */; };
		F7B5053328CDC46A00E93269 /* MyMusicTests.swift in Sources */ = {isa = PBXBuildFile; fileRef = F7B5053228CDC46A00E93269 /* MyMusicTests.swift */; };
		F7B5053D28CDC46A00E93269 /* MyMusicUITests.swift in Sources */ = {isa = PBXBuildFile; fileRef = F7B5053C28CDC46A00E93269 /* MyMusicUITests.swift */; };
		F7B5053F28CDC46A00E93269 /* MyMusicUITestsLaunchTests.swift in Sources */ = {isa = PBXBuildFile; fileRef = F7B5053E28CDC46A00E93269 /* MyMusicUITestsLaunchTests.swift */; };
		F7B5054D28CDC4F100E93269 /* guitar_background.mp3 in Resources */ = {isa = PBXBuildFile; fileRef = F7B5054C28CDC4F100E93269 /* guitar_background.mp3 */; };
/* End PBXBuildFile section */

/* Begin PBXContainerItemProxy section */
		F7B5052F28CDC46A00E93269 /* PBXContainerItemProxy */ = {
			isa = PBXContainerItemProxy;
			containerPortal = F7B5051028CDC46800E93269 /* Project object */;
			proxyType = 1;
			remoteGlobalIDString = F7B5051728CDC46800E93269;
			remoteInfo = MyMusic;
		};
		F7B5053928CDC46A00E93269 /* PBXContainerItemProxy */ = {
			isa = PBXContainerItemProxy;
			containerPortal = F7B5051028CDC46800E93269 /* Project object */;
			proxyType = 1;
			remoteGlobalIDString = F7B5051728CDC46800E93269;
			remoteInfo = MyMusic;
		};
/* End PBXContainerItemProxy section */

/* Begin PBXFileReference section */
		F7B5051828CDC46800E93269 /* MyMusic.app */ = {isa = PBXFileReference; explicitFileType = wrapper.application; includeInIndex = 0; path = MyMusic.app; sourceTree = BUILT_PRODUCTS_DIR; };
		F7B5051B28CDC46800E93269 /* AppDelegate.swift */ = {isa = PBXFileReference; lastKnownFileType = sourcecode.swift; path = AppDelegate.swift; sourceTree = "<group>"; };
		F7B5051D28CDC46800E93269 /* SceneDelegate.swift */ = {isa = PBXFileReference; lastKnownFileType = sourcecode.swift; path = SceneDelegate.swift; sourceTree = "<group>"; };
		F7B5051F28CDC46800E93269 /* ViewController.swift */ = {isa = PBXFileReference; lastKnownFileType = sourcecode.swift; path = ViewController.swift; sourceTree = "<group>"; };
		F7B5052228CDC46800E93269 /* Base */ = {isa = PBXFileReference; lastKnownFileType = file.storyboard; name = Base; path = Base.lproj/Main.storyboard; sourceTree = "<group>"; };
		F7B5052428CDC46900E93269 /* Assets.xcassets */ = {isa = PBXFileReference; lastKnownFileType = folder.assetcatalog; path = Assets.xcassets; sourceTree = "<group>"; };
		F7B5052728CDC46900E93269 /* Base */ = {isa = PBXFileReference; lastKnownFileType = file.storyboard; name = Base; path = Base.lproj/LaunchScreen.storyboard; sourceTree = "<group>"; };
		F7B5052928CDC46A00E93269 /* Info.plist */ = {isa = PBXFileReference; lastKnownFileType = text.plist.xml; path = Info.plist; sourceTree = "<group>"; };
		F7B5052E28CDC46A00E93269 /* MyMusicTests.xctest */ = {isa = PBXFileReference; explicitFileType = wrapper.cfbundle; includeInIndex = 0; path = MyMusicTests.xctest; sourceTree = BUILT_PRODUCTS_DIR; };
		F7B5053228CDC46A00E93269 /* MyMusicTests.swift */ = {isa = PBXFileReference; lastKnownFileType = sourcecode.swift; path = MyMusicTests.swift; sourceTree = "<group>"; };
		F7B5053828CDC46A00E93269 /* MyMusicUITests.xctest */ = {isa = PBXFileReference; explicitFileType = wrapper.cfbundle; includeInIndex = 0; path = MyMusicUITests.xctest; sourceTree = BUILT_PRODUCTS_DIR; };
		F7B5053C28CDC46A00E93269 /* MyMusicUITests.swift */ = {isa = PBXFileReference; lastKnownFileType = sourcecode.swift; path = MyMusicUITests.swift; sourceTree = "<group>"; };
		F7B5053E28CDC46A00E93269 /* MyMusicUITestsLaunchTests.swift */ = {isa = PBXFileReference; lastKnownFileType = sourcecode.swift; path = MyMusicUITestsLaunchTests.swift; sourceTree = "<group>"; };
		F7B5054C28CDC4F100E93269 /* guitar_background.mp3 */ = {isa = PBXFileReference; lastKnownFileType = audio.mp3; path = guitar_background.mp3; sourceTree = "<group>"; };
/* End PBXFileReference section */

/* Begin PBXFrameworksBuildPhase section */
		F7B5051528CDC46800E93269 /* Frameworks */ = {
			isa = PBXFrameworksBuildPhase;
			buildActionMask = 2147483647;
			files = (
			);
			runOnlyForDeploymentPostprocessing = 0;
		};
		F7B5052B28CDC46A00E93269 /* Frameworks */ = {
			isa = PBXFrameworksBuildPhase;
			buildActionMask = 2147483647;
			files = (
			);
			runOnlyForDeploymentPostprocessing = 0;
		};
		F7B5053528CDC46A00E93269 /* Frameworks */ = {
			isa = PBXFrameworksBuildPhase;
			buildActionMask = 2147483647;
			files = (
			);
			runOnlyForDeploymentPostprocessing = 0;
		};
/* End PBXFrameworksBuildPhase section */

/* Begin PBXGroup section */
		F7B5050F28CDC46800E93269 = {
			isa = PBXGroup;
			children = (
				F7B5051A28CDC46800E93269 /* MyMusic */,
				F7B5053128CDC46A00E93269 /* MyMusicTests */,
				F7B5053B28CDC46A00E93269 /* MyMusicUITests */,
				F7B5051928CDC46800E93269 /* Products */,
			);
			sourceTree = "<group>";
		};
		F7B5051928CDC46800E93269 /* Products */ = {
			isa = PBXGroup;
			children = (
				F7B5051828CDC46800E93269 /* MyMusic.app */,
				F7B5052E28CDC46A00E93269 /* MyMusicTests.xctest */,
				F7B5053828CDC46A00E93269 /* MyMusicUITests.xctest */,
			);
			name = Products;
			sourceTree = "<group>";
		};
		F7B5051A28CDC46800E93269 /* MyMusic */ = {
			isa = PBXGroup;
			children = (
				F7B5054E28CDC50900E93269 /* App */,
				F7B5055028CDC51C00E93269 /* FileSystem */,
				F7B5054F28CDC51200E93269 /* View */,
				F7B5054B28CDC4A100E93269 /* Supporting Files */,
			);
			path = MyMusic;
			sourceTree = "<group>";
		};
		F7B5053128CDC46A00E93269 /* MyMusicTests */ = {
			isa = PBXGroup;
			children = (
				F7B5053228CDC46A00E93269 /* MyMusicTests.swift */,
			);
			path = MyMusicTests;
			sourceTree = "<group>";
		};
		F7B5053B28CDC46A00E93269 /* MyMusicUITests */ = {
			isa = PBXGroup;
			children = (
				F7B5053C28CDC46A00E93269 /* MyMusicUITests.swift */,
				F7B5053E28CDC46A00E93269 /* MyMusicUITestsLaunchTests.swift */,
			);
			path = MyMusicUITests;
			sourceTree = "<group>";
		};
		F7B5054B28CDC4A100E93269 /* Supporting Files */ = {
			isa = PBXGroup;
			children = (
				F7B5054C28CDC4F100E93269 /* guitar_background.mp3 */,
			);
			path = "Supporting Files";
			sourceTree = "<group>";
		};
		F7B5054E28CDC50900E93269 /* App */ = {
			isa = PBXGroup;
			children = (
				F7B5051B28CDC46800E93269 /* AppDelegate.swift */,
				F7B5051D28CDC46800E93269 /* SceneDelegate.swift */,
			);
			path = App;
			sourceTree = "<group>";
		};
		F7B5054F28CDC51200E93269 /* View */ = {
			isa = PBXGroup;
			children = (
				F7B5051F28CDC46800E93269 /* ViewController.swift */,
				F7B5052128CDC46800E93269 /* Main.storyboard */,
			);
			path = View;
			sourceTree = "<group>";
		};
		F7B5055028CDC51C00E93269 /* FileSystem */ = {
			isa = PBXGroup;
			children = (
				F7B5052428CDC46900E93269 /* Assets.xcassets */,
				F7B5052628CDC46900E93269 /* LaunchScreen.storyboard */,
				F7B5052928CDC46A00E93269 /* Info.plist */,
			);
			path = FileSystem;
			sourceTree = "<group>";
		};
/* End PBXGroup section */

/* Begin PBXNativeTarget section */
		F7B5051728CDC46800E93269 /* MyMusic */ = {
			isa = PBXNativeTarget;
			buildConfigurationList = F7B5054228CDC46A00E93269 /* Build configuration list for PBXNativeTarget "MyMusic" */;
			buildPhases = (
				F7B5051428CDC46800E93269 /* Sources */,
				F7B5051528CDC46800E93269 /* Frameworks */,
				F7B5051628CDC46800E93269 /* Resources */,
			);
			buildRules = (
			);
			dependencies = (
			);
			name = MyMusic;
			productName = MyMusic;
			productReference = F7B5051828CDC46800E93269 /* MyMusic.app */;
			productType = "com.apple.product-type.application";
		};
		F7B5052D28CDC46A00E93269 /* MyMusicTests */ = {
			isa = PBXNativeTarget;
			buildConfigurationList = F7B5054528CDC46A00E93269 /* Build configuration list for PBXNativeTarget "MyMusicTests" */;
			buildPhases = (
				F7B5052A28CDC46A00E93269 /* Sources */,
				F7B5052B28CDC46A00E93269 /* Frameworks */,
				F7B5052C28CDC46A00E93269 /* Resources */,
			);
			buildRules = (
			);
			dependencies = (
				F7B5053028CDC46A00E93269 /* PBXTargetDependency */,
			);
			name = MyMusicTests;
			productName = MyMusicTests;
			productReference = F7B5052E28CDC46A00E93269 /* MyMusicTests.xctest */;
			productType = "com.apple.product-type.bundle.unit-test";
		};
		F7B5053728CDC46A00E93269 /* MyMusicUITests */ = {
			isa = PBXNativeTarget;
			buildConfigurationList = F7B5054828CDC46A00E93269 /* Build configuration list for PBXNativeTarget "MyMusicUITests" */;
			buildPhases = (
				F7B5053428CDC46A00E93269 /* Sources */,
				F7B5053528CDC46A00E93269 /* Frameworks */,
				F7B5053628CDC46A00E93269 /* Resources */,
			);
			buildRules = (
			);
			dependencies = (
				F7B5053A28CDC46A00E93269 /* PBXTargetDependency */,
			);
			name = MyMusicUITests;
			productName = MyMusicUITests;
			productReference = F7B5053828CDC46A00E93269 /* MyMusicUITests.xctest */;
			productType = "com.apple.product-type.bundle.ui-testing";
		};
/* End PBXNativeTarget section */

/* Begin PBXProject section */
		F7B5051028CDC46800E93269 /* Project object */ = {
			isa = PBXProject;
			attributes = {
				BuildIndependentTargetsInParallel = 1;
				LastSwiftUpdateCheck = 1340;
				LastUpgradeCheck = 1340;
				TargetAttributes = {
					F7B5051728CDC46800E93269 = {
						CreatedOnToolsVersion = 13.4.1;
					};
					F7B5052D28CDC46A00E93269 = {
						CreatedOnToolsVersion = 13.4.1;
						TestTargetID = F7B5051728CDC46800E93269;
					};
					F7B5053728CDC46A00E93269 = {
						CreatedOnToolsVersion = 13.4.1;
						TestTargetID = F7B5051728CDC46800E93269;
					};
				};
			};
			buildConfigurationList = F7B5051328CDC46800E93269 /* Build configuration list for PBXProject "MyMusic" */;
			compatibilityVersion = "Xcode 13.0";
			developmentRegion = en;
			hasScannedForEncodings = 0;
			knownRegions = (
				en,
				Base,
			);
			mainGroup = F7B5050F28CDC46800E93269;
			productRefGroup = F7B5051928CDC46800E93269 /* Products */;
			projectDirPath = "";
			projectRoot = "";
			targets = (
				F7B5051728CDC46800E93269 /* MyMusic */,
				F7B5052D28CDC46A00E93269 /* MyMusicTests */,
				F7B5053728CDC46A00E93269 /* MyMusicUITests */,
			);
		};
/* End PBXProject section */

/* Begin PBXResourcesBuildPhase section */
		F7B5051628CDC46800E93269 /* Resources */ = {
			isa = PBXResourcesBuildPhase;
			buildActionMask = 2147483647;
			files = (
				F7B5052828CDC46900E93269 /* LaunchScreen.storyboard in Resources */,
				F7B5052528CDC46900E93269 /* Assets.xcassets in Resources */,
				F7B5054D28CDC4F100E93269 /* guitar_background.mp3 in Resources */,
				F7B5052328CDC46800E93269 /* Main.storyboard in Resources */,
			);
			runOnlyForDeploymentPostprocessing = 0;
		};
		F7B5052C28CDC46A00E93269 /* Resources */ = {
			isa = PBXResourcesBuildPhase;
			buildActionMask = 2147483647;
			files = (
			);
			runOnlyForDeploymentPostprocessing = 0;
		};
		F7B5053628CDC46A00E93269 /* Resources */ = {
			isa = PBXResourcesBuildPhase;
			buildActionMask = 2147483647;
			files = (
			);
			runOnlyForDeploymentPostprocessing = 0;
		};
/* End PBXResourcesBuildPhase section */

/* Begin PBXSourcesBuildPhase section */
		F7B5051428CDC46800E93269 /* Sources */ = {
			isa = PBXSourcesBuildPhase;
			buildActionMask = 2147483647;
			files = (
				F7B5052028CDC46800E93269 /* ViewController.swift in Sources */,
				F7B5051C28CDC46800E93269 /* AppDelegate.swift in Sources */,
				F7B5051E28CDC46800E93269 /* SceneDelegate.swift in Sources */,
			);
			runOnlyForDeploymentPostprocessing = 0;
		};
		F7B5052A28CDC46A00E93269 /* Sources */ = {
			isa = PBXSourcesBuildPhase;
			buildActionMask = 2147483647;
			files = (
				F7B5053328CDC46A00E93269 /* MyMusicTests.swift in Sources */,
			);
			runOnlyForDeploymentPostprocessing = 0;
		};
		F7B5053428CDC46A00E93269 /* Sources */ = {
			isa = PBXSourcesBuildPhase;
			buildActionMask = 2147483647;
			files = (
				F7B5053F28CDC46A00E93269 /* MyMusicUITestsLaunchTests.swift in Sources */,
				F7B5053D28CDC46A00E93269 /* MyMusicUITests.swift in Sources */,
			);
			runOnlyForDeploymentPostprocessing = 0;
		};
/* End PBXSourcesBuildPhase section */

/* Begin PBXTargetDependency section */
		F7B5053028CDC46A00E93269 /* PBXTargetDependency */ = {
			isa = PBXTargetDependency;
			target = F7B5051728CDC46800E93269 /* MyMusic */;
			targetProxy = F7B5052F28CDC46A00E93269 /* PBXContainerItemProxy */;
		};
		F7B5053A28CDC46A00E93269 /* PBXTargetDependency */ = {
			isa = PBXTargetDependency;
			target = F7B5051728CDC46800E93269 /* MyMusic */;
			targetProxy = F7B5053928CDC46A00E93269 /* PBXContainerItemProxy */;
		};
/* End PBXTargetDependency section */

/* Begin PBXVariantGroup section */
		F7B5052128CDC46800E93269 /* Main.storyboard */ = {
			isa = PBXVariantGroup;
			children = (
				F7B5052228CDC46800E93269 /* Base */,
			);
			name = Main.storyboard;
			sourceTree = "<group>";
		};
		F7B5052628CDC46900E93269 /* LaunchScreen.storyboard */ = {
			isa = PBXVariantGroup;
			children = (
				F7B5052728CDC46900E93269 /* Base */,
			);
			name = LaunchScreen.storyboard;
			sourceTree = "<group>";
		};
/* End PBXVariantGroup section */

/* Begin XCBuildConfiguration section */
		F7B5054028CDC46A00E93269 /* Debug */ = {
			isa = XCBuildConfiguration;
			buildSettings = {
				ALWAYS_SEARCH_USER_PATHS = NO;
				CLANG_ANALYZER_NONNULL = YES;
				CLANG_ANALYZER_NUMBER_OBJECT_CONVERSION = YES_AGGRESSIVE;
				CLANG_CXX_LANGUAGE_STANDARD = "gnu++17";
				CLANG_ENABLE_MODULES = YES;
				CLANG_ENABLE_OBJC_ARC = YES;
				CLANG_ENABLE_OBJC_WEAK = YES;
				CLANG_WARN_BLOCK_CAPTURE_AUTORELEASING = YES;
				CLANG_WARN_BOOL_CONVERSION = YES;
				CLANG_WARN_COMMA = YES;
				CLANG_WARN_CONSTANT_CONVERSION = YES;
				CLANG_WARN_DEPRECATED_OBJC_IMPLEMENTATIONS = YES;
				CLANG_WARN_DIRECT_OBJC_ISA_USAGE = YES_ERROR;
				CLANG_WARN_DOCUMENTATION_COMMENTS = YES;
				CLANG_WARN_EMPTY_BODY = YES;
				CLANG_WARN_ENUM_CONVERSION = YES;
				CLANG_WARN_INFINITE_RECURSION = YES;
				CLANG_WARN_INT_CONVERSION = YES;
				CLANG_WARN_NON_LITERAL_NULL_CONVERSION = YES;
				CLANG_WARN_OBJC_IMPLICIT_RETAIN_SELF = YES;
				CLANG_WARN_OBJC_LITERAL_CONVERSION = YES;
				CLANG_WARN_OBJC_ROOT_CLASS = YES_ERROR;
				CLANG_WARN_QUOTED_INCLUDE_IN_FRAMEWORK_HEADER = YES;
				CLANG_WARN_RANGE_LOOP_ANALYSIS = YES;
				CLANG_WARN_STRICT_PROTOTYPES = YES;
				CLANG_WARN_SUSPICIOUS_MOVE = YES;
				CLANG_WARN_UNGUARDED_AVAILABILITY = YES_AGGRESSIVE;
				CLANG_WARN_UNREACHABLE_CODE = YES;
				CLANG_WARN__DUPLICATE_METHOD_MATCH = YES;
				COPY_PHASE_STRIP = NO;
				DEBUG_INFORMATION_FORMAT = dwarf;
				ENABLE_STRICT_OBJC_MSGSEND = YES;
				ENABLE_TESTABILITY = YES;
				GCC_C_LANGUAGE_STANDARD = gnu11;
				GCC_DYNAMIC_NO_PIC = NO;
				GCC_NO_COMMON_BLOCKS = YES;
				GCC_OPTIMIZATION_LEVEL = 0;
				GCC_PREPROCESSOR_DEFINITIONS = (
					"DEBUG=1",
					"$(inherited)",
				);
				GCC_WARN_64_TO_32_BIT_CONVERSION = YES;
				GCC_WARN_ABOUT_RETURN_TYPE = YES_ERROR;
				GCC_WARN_UNDECLARED_SELECTOR = YES;
				GCC_WARN_UNINITIALIZED_AUTOS = YES_AGGRESSIVE;
				GCC_WARN_UNUSED_FUNCTION = YES;
				GCC_WARN_UNUSED_VARIABLE = YES;
				IPHONEOS_DEPLOYMENT_TARGET = 15.5;
				MTL_ENABLE_DEBUG_INFO = INCLUDE_SOURCE;
				MTL_FAST_MATH = YES;
				ONLY_ACTIVE_ARCH = YES;
				SDKROOT = iphoneos;
				SWIFT_ACTIVE_COMPILATION_CONDITIONS = DEBUG;
				SWIFT_OPTIMIZATION_LEVEL = "-Onone";
			};
			name = Debug;
		};
		F7B5054128CDC46A00E93269 /* Release */ = {
			isa = XCBuildConfiguration;
			buildSettings = {
				ALWAYS_SEARCH_USER_PATHS = NO;
				CLANG_ANALYZER_NONNULL = YES;
				CLANG_ANALYZER_NUMBER_OBJECT_CONVERSION = YES_AGGRESSIVE;
				CLANG_CXX_LANGUAGE_STANDARD = "gnu++17";
				CLANG_ENABLE_MODULES = YES;
				CLANG_ENABLE_OBJC_ARC = YES;
				CLANG_ENABLE_OBJC_WEAK = YES;
				CLANG_WARN_BLOCK_CAPTURE_AUTORELEASING = YES;
				CLANG_WARN_BOOL_CONVERSION = YES;
				CLANG_WARN_COMMA = YES;
				CLANG_WARN_CONSTANT_CONVERSION = YES;
				CLANG_WARN_DEPRECATED_OBJC_IMPLEMENTATIONS = YES;
				CLANG_WARN_DIRECT_OBJC_ISA_USAGE = YES_ERROR;
				CLANG_WARN_DOCUMENTATION_COMMENTS = YES;
				CLANG_WARN_EMPTY_BODY = YES;
				CLANG_WARN_ENUM_CONVERSION = YES;
				CLANG_WARN_INFINITE_RECURSION = YES;
				CLANG_WARN_INT_CONVERSION = YES;
				CLANG_WARN_NON_LITERAL_NULL_CONVERSION = YES;
				CLANG_WARN_OBJC_IMPLICIT_RETAIN_SELF = YES;
				CLANG_WARN_OBJC_LITERAL_CONVERSION = YES;
				CLANG_WARN_OBJC_ROOT_CLASS = YES_ERROR;
				CLANG_WARN_QUOTED_INCLUDE_IN_FRAMEWORK_HEADER = YES;
				CLANG_WARN_RANGE_LOOP_ANALYSIS = YES;
				CLANG_WARN_STRICT_PROTOTYPES = YES;
				CLANG_WARN_SUSPICIOUS_MOVE = YES;
				CLANG_WARN_UNGUARDED_AVAILABILITY = YES_AGGRESSIVE;
				CLANG_WARN_UNREACHABLE_CODE = YES;
				CLANG_WARN__DUPLICATE_METHOD_MATCH = YES;
				COPY_PHASE_STRIP = NO;
				DEBUG_INFORMATION_FORMAT = "dwarf-with-dsym";
				ENABLE_NS_ASSERTIONS = NO;
				ENABLE_STRICT_OBJC_MSGSEND = YES;
				GCC_C_LANGUAGE_STANDARD = gnu11;
				GCC_NO_COMMON_BLOCKS = YES;
				GCC_WARN_64_TO_32_BIT_CONVERSION = YES;
				GCC_WARN_ABOUT_RETURN_TYPE = YES_ERROR;
				GCC_WARN_UNDECLARED_SELECTOR = YES;
				GCC_WARN_UNINITIALIZED_AUTOS = YES_AGGRESSIVE;
				GCC_WARN_UNUSED_FUNCTION = YES;
				GCC_WARN_UNUSED_VARIABLE = YES;
				IPHONEOS_DEPLOYMENT_TARGET = 15.5;
				MTL_ENABLE_DEBUG_INFO = NO;
				MTL_FAST_MATH = YES;
				SDKROOT = iphoneos;
				SWIFT_COMPILATION_MODE = wholemodule;
				SWIFT_OPTIMIZATION_LEVEL = "-O";
				VALIDATE_PRODUCT = YES;
			};
			name = Release;
		};
		F7B5054328CDC46A00E93269 /* Debug */ = {
			isa = XCBuildConfiguration;
			buildSettings = {
				ASSETCATALOG_COMPILER_APPICON_NAME = AppIcon;
				ASSETCATALOG_COMPILER_GLOBAL_ACCENT_COLOR_NAME = AccentColor;
				CODE_SIGN_STYLE = Automatic;
				CURRENT_PROJECT_VERSION = 1;
				DEVELOPMENT_TEAM = RDA574N926;
				GENERATE_INFOPLIST_FILE = YES;
				INFOPLIST_FILE = MyMusic/FileSystem/Info.plist;
				INFOPLIST_KEY_UIApplicationSupportsIndirectInputEvents = YES;
				INFOPLIST_KEY_UILaunchStoryboardName = LaunchScreen;
				INFOPLIST_KEY_UIMainStoryboardFile = Main;
				INFOPLIST_KEY_UISupportedInterfaceOrientations_iPad = "UIInterfaceOrientationPortrait UIInterfaceOrientationPortraitUpsideDown UIInterfaceOrientationLandscapeLeft UIInterfaceOrientationLandscapeRight";
				INFOPLIST_KEY_UISupportedInterfaceOrientations_iPhone = "UIInterfaceOrientationPortrait UIInterfaceOrientationLandscapeLeft UIInterfaceOrientationLandscapeRight";
				LD_RUNPATH_SEARCH_PATHS = (
					"$(inherited)",
					"@executable_path/Frameworks",
				);
				MARKETING_VERSION = 1.0;
				PRODUCT_BUNDLE_IDENTIFIER = com.patriciafiona.MyMusic;
				PRODUCT_NAME = "$(TARGET_NAME)";
				SWIFT_EMIT_LOC_STRINGS = YES;
				SWIFT_VERSION = 5.0;
				TARGETED_DEVICE_FAMILY = "1,2";
			};
			name = Debug;
		};
		F7B5054428CDC46A00E93269 /* Release */ = {
			isa = XCBuildConfiguration;
			buildSettings = {
				ASSETCATALOG_COMPILER_APPICON_NAME = AppIcon;
				ASSETCATALOG_COMPILER_GLOBAL_ACCENT_COLOR_NAME = AccentColor;
				CODE_SIGN_STYLE = Automatic;
				CURRENT_PROJECT_VERSION = 1;
				DEVELOPMENT_TEAM = RDA574N926;
				GENERATE_INFOPLIST_FILE = YES;
				INFOPLIST_FILE = MyMusic/FileSystem/Info.plist;
				INFOPLIST_KEY_UIApplicationSupportsIndirectInputEvents = YES;
				INFOPLIST_KEY_UILaunchStoryboardName = LaunchScreen;
				INFOPLIST_KEY_UIMainStoryboardFile = Main;
				INFOPLIST_KEY_UISupportedInterfaceOrientations_iPad = "UIInterfaceOrientationPortrait UIInterfaceOrientationPortraitUpsideDown UIInterfaceOrientationLandscapeLeft UIInterfaceOrientationLandscapeRight";
				INFOPLIST_KEY_UISupportedInterfaceOrientations_iPhone = "UIInterfaceOrientationPortrait UIInterfaceOrientationLandscapeLeft UIInterfaceOrientationLandscapeRight";
				LD_RUNPATH_SEARCH_PATHS = (
					"$(inherited)",
					"@executable_path/Frameworks",
				);
				MARKETING_VERSION = 1.0;
				PRODUCT_BUNDLE_IDENTIFIER = com.patriciafiona.MyMusic;
				PRODUCT_NAME = "$(TARGET_NAME)";
				SWIFT_EMIT_LOC_STRINGS = YES;
				SWIFT_VERSION = 5.0;
				TARGETED_DEVICE_FAMILY = "1,2";
			};
			name = Release;
		};
		F7B5054628CDC46A00E93269 /* Debug */ = {
			isa = XCBuildConfiguration;
			buildSettings = {
				ALWAYS_EMBED_SWIFT_STANDARD_LIBRARIES = YES;
				BUNDLE_LOADER = "$(TEST_HOST)";
				CODE_SIGN_STYLE = Automatic;
				CURRENT_PROJECT_VERSION = 1;
				DEVELOPMENT_TEAM = RDA574N926;
				GENERATE_INFOPLIST_FILE = YES;
				IPHONEOS_DEPLOYMENT_TARGET = 15.5;
				MARKETING_VERSION = 1.0;
				PRODUCT_BUNDLE_IDENTIFIER = com.patriciafiona.MyMusicTests;
				PRODUCT_NAME = "$(TARGET_NAME)";
				SWIFT_EMIT_LOC_STRINGS = NO;
				SWIFT_VERSION = 5.0;
				TARGETED_DEVICE_FAMILY = "1,2";
				TEST_HOST = "$(BUILT_PRODUCTS_DIR)/MyMusic.app/MyMusic";
			};
			name = Debug;
		};
		F7B5054728CDC46A00E93269 /* Release */ = {
			isa = XCBuildConfiguration;
			buildSettings = {
				ALWAYS_EMBED_SWIFT_STANDARD_LIBRARIES = YES;
				BUNDLE_LOADER = "$(TEST_HOST)";
				CODE_SIGN_STYLE = Automatic;
				CURRENT_PROJECT_VERSION = 1;
				DEVELOPMENT_TEAM = RDA574N926;
				GENERATE_INFOPLIST_FILE = YES;
				IPHONEOS_DEPLOYMENT_TARGET = 15.5;
				MARKETING_VERSION = 1.0;
				PRODUCT_BUNDLE_IDENTIFIER = com.patriciafiona.MyMusicTests;
				PRODUCT_NAME = "$(TARGET_NAME)";
				SWIFT_EMIT_LOC_STRINGS = NO;
				SWIFT_VERSION = 5.0;
				TARGETED_DEVICE_FAMILY = "1,2";
				TEST_HOST = "$(BUILT_PRODUCTS_DIR)/MyMusic.app/MyMusic";
			};
			name = Release;
		};
		F7B5054928CDC46A00E93269 /* Debug */ = {
			isa = XCBuildConfiguration;
			buildSettings = {
				ALWAYS_EMBED_SWIFT_STANDARD_LIBRARIES = YES;
				CODE_SIGN_STYLE = Automatic;
				CURRENT_PROJECT_VERSION = 1;
				DEVELOPMENT_TEAM = RDA574N926;
				GENERATE_INFOPLIST_FILE = YES;
				MARKETING_VERSION = 1.0;
				PRODUCT_BUNDLE_IDENTIFIER = com.patriciafiona.MyMusicUITests;
				PRODUCT_NAME = "$(TARGET_NAME)";
				SWIFT_EMIT_LOC_STRINGS = NO;
				SWIFT_VERSION = 5.0;
				TARGETED_DEVICE_FAMILY = "1,2";
				TEST_TARGET_NAME = MyMusic;
			};
			name = Debug;
		};
		F7B5054A28CDC46A00E93269 /* Release */ = {
			isa = XCBuildConfiguration;
			buildSettings = {
				ALWAYS_EMBED_SWIFT_STANDARD_LIBRARIES = YES;
				CODE_SIGN_STYLE = Automatic;
				CURRENT_PROJECT_VERSION = 1;
				DEVELOPMENT_TEAM = RDA574N926;
				GENERATE_INFOPLIST_FILE = YES;
				MARKETING_VERSION = 1.0;
				PRODUCT_BUNDLE_IDENTIFIER = com.patriciafiona.MyMusicUITests;
				PRODUCT_NAME = "$(TARGET_NAME)";
				SWIFT_EMIT_LOC_STRINGS = NO;
				SWIFT_VERSION = 5.0;
				TARGETED_DEVICE_FAMILY = "1,2";
				TEST_TARGET_NAME = MyMusic;
			};
			name = Release;
		};
/* End XCBuildConfiguration section */

/* Begin XCConfigurationList section */
		F7B5051328CDC46800E93269 /* Build configuration list for PBXProject "MyMusic" */ = {
			isa = XCConfigurationList;
			buildConfigurations = (
				F7B5054028CDC46A00E93269 /* Debug */,
				F7B5054128CDC46A00E93269 /* Release */,
			);
			defaultConfigurationIsVisible = 0;
			defaultConfigurationName = Release;
		};
		F7B5054228CDC46A00E93269 /* Build configuration list for PBXNativeTarget "MyMusic" */ = {
			isa = XCConfigurationList;
			buildConfigurations = (
				F7B5054328CDC46A00E93269 /* Debug */,
				F7B5054428CDC46A00E93269 /* Release */,
			);
			defaultConfigurationIsVisible = 0;
			defaultConfigurationName = Release;
		};
		F7B5054528CDC46A00E93269 /* Build configuration list for PBXNativeTarget "MyMusicTests" */ = {
			isa = XCConfigurationList;
			buildConfigurations = (
				F7B5054628CDC46A00E93269 /* Debug */,
				F7B5054728CDC46A00E93269 /* Release */,
			);
			defaultConfigurationIsVisible = 0;
			defaultConfigurationName = Release;
		};
		F7B5054828CDC46A00E93269 /* Build configuration list for PBXNativeTarget "MyMusicUITests" */ = {
			isa = XCConfigurationList;
			buildConfigurations = (
				F7B5054928CDC46A00E93269 /* Debug */,
				F7B5054A28CDC46A00E93269 /* Release */,
			);
			defaultConfigurationIsVisible = 0;
			defaultConfigurationName = Release;
		};
/* End XCConfigurationList section */
	};
	rootObject = F7B5051028CDC46800E93269 /* Project object */;
}
