// !$*UTF8*$!
{
	archiveVersion = 1;
	classes = {
	};
	objectVersion = 55;
	objects = {

/* Begin PBXBuildFile section */
		F7B504E028CDBCB200E93269 /* AppDelegate.swift in Sources */ = {isa = PBXBuildFile; fileRef = F7B504DF28CDBCB200E93269 /* AppDelegate.swift */; };
		F7B504E228CDBCB200E93269 /* SceneDelegate.swift in Sources */ = {isa = PBXBuildFile; fileRef = F7B504E128CDBCB200E93269 /* SceneDelegate.swift */; };
		F7B504E428CDBCB200E93269 /* ViewController.swift in Sources */ = {isa = PBXBuildFile; fileRef = F7B504E328CDBCB200E93269 /* ViewController.swift */; };
		F7B504E728CDBCB200E93269 /* Main.storyboard in Resources */ = {isa = PBXBuildFile; fileRef = F7B504E528CDBCB200E93269 /* Main.storyboard */; };
		F7B504E928CDBCB300E93269 /* Assets.xcassets in Resources */ = {isa = PBXBuildFile; fileRef = F7B504E828CDBCB300E93269 /* Assets.xcassets */; };
		F7B504EC28CDBCB300E93269 /* LaunchScreen.storyboard in Resources */ = {isa = PBXBuildFile; fileRef = F7B504EA28CDBCB300E93269 /* LaunchScreen.storyboard */; };
		F7B504F728CDBCB300E93269 /* DicodingDropTests.swift in Sources */ = {isa = PBXBuildFile; fileRef = F7B504F628CDBCB300E93269 /* DicodingDropTests.swift */; };
		F7B5050128CDBCB300E93269 /* DicodingDropUITests.swift in Sources */ = {isa = PBXBuildFile; fileRef = F7B5050028CDBCB300E93269 /* DicodingDropUITests.swift */; };
		F7B5050328CDBCB300E93269 /* DicodingDropUITestsLaunchTests.swift in Sources */ = {isa = PBXBuildFile; fileRef = F7B5050228CDBCB300E93269 /* DicodingDropUITestsLaunchTests.swift */; };
/* End PBXBuildFile section */

/* Begin PBXContainerItemProxy section */
		F7B504F328CDBCB300E93269 /* PBXContainerItemProxy */ = {
			isa = PBXContainerItemProxy;
			containerPortal = F7B504D428CDBCB200E93269 /* Project object */;
			proxyType = 1;
			remoteGlobalIDString = F7B504DB28CDBCB200E93269;
			remoteInfo = DicodingDrop;
		};
		F7B504FD28CDBCB300E93269 /* PBXContainerItemProxy */ = {
			isa = PBXContainerItemProxy;
			containerPortal = F7B504D428CDBCB200E93269 /* Project object */;
			proxyType = 1;
			remoteGlobalIDString = F7B504DB28CDBCB200E93269;
			remoteInfo = DicodingDrop;
		};
/* End PBXContainerItemProxy section */

/* Begin PBXFileReference section */
		F7B504DC28CDBCB200E93269 /* DicodingDrop.app */ = {isa = PBXFileReference; explicitFileType = wrapper.application; includeInIndex = 0; path = DicodingDrop.app; sourceTree = BUILT_PRODUCTS_DIR; };
		F7B504DF28CDBCB200E93269 /* AppDelegate.swift */ = {isa = PBXFileReference; lastKnownFileType = sourcecode.swift; path = AppDelegate.swift; sourceTree = "<group>"; };
		F7B504E128CDBCB200E93269 /* SceneDelegate.swift */ = {isa = PBXFileReference; lastKnownFileType = sourcecode.swift; path = SceneDelegate.swift; sourceTree = "<group>"; };
		F7B504E328CDBCB200E93269 /* ViewController.swift */ = {isa = PBXFileReference; lastKnownFileType = sourcecode.swift; path = ViewController.swift; sourceTree = "<group>"; };
		F7B504E628CDBCB200E93269 /* Base */ = {isa = PBXFileReference; lastKnownFileType = file.storyboard; name = Base; path = Base.lproj/Main.storyboard; sourceTree = "<group>"; };
		F7B504E828CDBCB300E93269 /* Assets.xcassets */ = {isa = PBXFileReference; lastKnownFileType = folder.assetcatalog; path = Assets.xcassets; sourceTree = "<group>"; };
		F7B504EB28CDBCB300E93269 /* Base */ = {isa = PBXFileReference; lastKnownFileType = file.storyboard; name = Base; path = Base.lproj/LaunchScreen.storyboard; sourceTree = "<group>"; };
		F7B504ED28CDBCB300E93269 /* Info.plist */ = {isa = PBXFileReference; lastKnownFileType = text.plist.xml; path = Info.plist; sourceTree = "<group>"; };
		F7B504F228CDBCB300E93269 /* DicodingDropTests.xctest */ = {isa = PBXFileReference; explicitFileType = wrapper.cfbundle; includeInIndex = 0; path = DicodingDropTests.xctest; sourceTree = BUILT_PRODUCTS_DIR; };
		F7B504F628CDBCB300E93269 /* DicodingDropTests.swift */ = {isa = PBXFileReference; lastKnownFileType = sourcecode.swift; path = DicodingDropTests.swift; sourceTree = "<group>"; };
		F7B504FC28CDBCB300E93269 /* DicodingDropUITests.xctest */ = {isa = PBXFileReference; explicitFileType = wrapper.cfbundle; includeInIndex = 0; path = DicodingDropUITests.xctest; sourceTree = BUILT_PRODUCTS_DIR; };
		F7B5050028CDBCB300E93269 /* DicodingDropUITests.swift */ = {isa = PBXFileReference; lastKnownFileType = sourcecode.swift; path = DicodingDropUITests.swift; sourceTree = "<group>"; };
		F7B5050228CDBCB300E93269 /* DicodingDropUITestsLaunchTests.swift */ = {isa = PBXFileReference; lastKnownFileType = sourcecode.swift; path = DicodingDropUITestsLaunchTests.swift; sourceTree = "<group>"; };
/* End PBXFileReference section */

/* Begin PBXFrameworksBuildPhase section */
		F7B504D928CDBCB200E93269 /* Frameworks */ = {
			isa = PBXFrameworksBuildPhase;
			buildActionMask = 2147483647;
			files = (
			);
			runOnlyForDeploymentPostprocessing = 0;
		};
		F7B504EF28CDBCB300E93269 /* Frameworks */ = {
			isa = PBXFrameworksBuildPhase;
			buildActionMask = 2147483647;
			files = (
			);
			runOnlyForDeploymentPostprocessing = 0;
		};
		F7B504F928CDBCB300E93269 /* Frameworks */ = {
			isa = PBXFrameworksBuildPhase;
			buildActionMask = 2147483647;
			files = (
			);
			runOnlyForDeploymentPostprocessing = 0;
		};
/* End PBXFrameworksBuildPhase section */

/* Begin PBXGroup section */
		F7B504D328CDBCB200E93269 = {
			isa = PBXGroup;
			children = (
				F7B504DE28CDBCB200E93269 /* DicodingDrop */,
				F7B504F528CDBCB300E93269 /* DicodingDropTests */,
				F7B504FF28CDBCB300E93269 /* DicodingDropUITests */,
				F7B504DD28CDBCB200E93269 /* Products */,
			);
			sourceTree = "<group>";
		};
		F7B504DD28CDBCB200E93269 /* Products */ = {
			isa = PBXGroup;
			children = (
				F7B504DC28CDBCB200E93269 /* DicodingDrop.app */,
				F7B504F228CDBCB300E93269 /* DicodingDropTests.xctest */,
				F7B504FC28CDBCB300E93269 /* DicodingDropUITests.xctest */,
			);
			name = Products;
			sourceTree = "<group>";
		};
		F7B504DE28CDBCB200E93269 /* DicodingDrop */ = {
			isa = PBXGroup;
			children = (
				F7B504DF28CDBCB200E93269 /* AppDelegate.swift */,
				F7B504E128CDBCB200E93269 /* SceneDelegate.swift */,
				F7B504E328CDBCB200E93269 /* ViewController.swift */,
				F7B504E528CDBCB200E93269 /* Main.storyboard */,
				F7B504E828CDBCB300E93269 /* Assets.xcassets */,
				F7B504EA28CDBCB300E93269 /* LaunchScreen.storyboard */,
				F7B504ED28CDBCB300E93269 /* Info.plist */,
			);
			path = DicodingDrop;
			sourceTree = "<group>";
		};
		F7B504F528CDBCB300E93269 /* DicodingDropTests */ = {
			isa = PBXGroup;
			children = (
				F7B504F628CDBCB300E93269 /* DicodingDropTests.swift */,
			);
			path = DicodingDropTests;
			sourceTree = "<group>";
		};
		F7B504FF28CDBCB300E93269 /* DicodingDropUITests */ = {
			isa = PBXGroup;
			children = (
				F7B5050028CDBCB300E93269 /* DicodingDropUITests.swift */,
				F7B5050228CDBCB300E93269 /* DicodingDropUITestsLaunchTests.swift */,
			);
			path = DicodingDropUITests;
			sourceTree = "<group>";
		};
/* End PBXGroup section */

/* Begin PBXNativeTarget section */
		F7B504DB28CDBCB200E93269 /* DicodingDrop */ = {
			isa = PBXNativeTarget;
			buildConfigurationList = F7B5050628CDBCB300E93269 /* Build configuration list for PBXNativeTarget "DicodingDrop" */;
			buildPhases = (
				F7B504D828CDBCB200E93269 /* Sources */,
				F7B504D928CDBCB200E93269 /* Frameworks */,
				F7B504DA28CDBCB200E93269 /* Resources */,
			);
			buildRules = (
			);
			dependencies = (
			);
			name = DicodingDrop;
			productName = DicodingDrop;
			productReference = F7B504DC28CDBCB200E93269 /* DicodingDrop.app */;
			productType = "com.apple.product-type.application";
		};
		F7B504F128CDBCB300E93269 /* DicodingDropTests */ = {
			isa = PBXNativeTarget;
			buildConfigurationList = F7B5050928CDBCB300E93269 /* Build configuration list for PBXNativeTarget "DicodingDropTests" */;
			buildPhases = (
				F7B504EE28CDBCB300E93269 /* Sources */,
				F7B504EF28CDBCB300E93269 /* Frameworks */,
				F7B504F028CDBCB300E93269 /* Resources */,
			);
			buildRules = (
			);
			dependencies = (
				F7B504F428CDBCB300E93269 /* PBXTargetDependency */,
			);
			name = DicodingDropTests;
			productName = DicodingDropTests;
			productReference = F7B504F228CDBCB300E93269 /* DicodingDropTests.xctest */;
			productType = "com.apple.product-type.bundle.unit-test";
		};
		F7B504FB28CDBCB300E93269 /* DicodingDropUITests */ = {
			isa = PBXNativeTarget;
			buildConfigurationList = F7B5050C28CDBCB300E93269 /* Build configuration list for PBXNativeTarget "DicodingDropUITests" */;
			buildPhases = (
				F7B504F828CDBCB300E93269 /* Sources */,
				F7B504F928CDBCB300E93269 /* Frameworks */,
				F7B504FA28CDBCB300E93269 /* Resources */,
			);
			buildRules = (
			);
			dependencies = (
				F7B504FE28CDBCB300E93269 /* PBXTargetDependency */,
			);
			name = DicodingDropUITests;
			productName = DicodingDropUITests;
			productReference = F7B504FC28CDBCB300E93269 /* DicodingDropUITests.xctest */;
			productType = "com.apple.product-type.bundle.ui-testing";
		};
/* End PBXNativeTarget section */

/* Begin PBXProject section */
		F7B504D428CDBCB200E93269 /* Project object */ = {
			isa = PBXProject;
			attributes = {
				BuildIndependentTargetsInParallel = 1;
				LastSwiftUpdateCheck = 1340;
				LastUpgradeCheck = 1340;
				TargetAttributes = {
					F7B504DB28CDBCB200E93269 = {
						CreatedOnToolsVersion = 13.4.1;
					};
					F7B504F128CDBCB300E93269 = {
						CreatedOnToolsVersion = 13.4.1;
						TestTargetID = F7B504DB28CDBCB200E93269;
					};
					F7B504FB28CDBCB300E93269 = {
						CreatedOnToolsVersion = 13.4.1;
						TestTargetID = F7B504DB28CDBCB200E93269;
					};
				};
			};
			buildConfigurationList = F7B504D728CDBCB200E93269 /* Build configuration list for PBXProject "DicodingDrop" */;
			compatibilityVersion = "Xcode 13.0";
			developmentRegion = en;
			hasScannedForEncodings = 0;
			knownRegions = (
				en,
				Base,
			);
			mainGroup = F7B504D328CDBCB200E93269;
			productRefGroup = F7B504DD28CDBCB200E93269 /* Products */;
			projectDirPath = "";
			projectRoot = "";
			targets = (
				F7B504DB28CDBCB200E93269 /* DicodingDrop */,
				F7B504F128CDBCB300E93269 /* DicodingDropTests */,
				F7B504FB28CDBCB300E93269 /* DicodingDropUITests */,
			);
		};
/* End PBXProject section */

/* Begin PBXResourcesBuildPhase section */
		F7B504DA28CDBCB200E93269 /* Resources */ = {
			isa = PBXResourcesBuildPhase;
			buildActionMask = 2147483647;
			files = (
				F7B504EC28CDBCB300E93269 /* LaunchScreen.storyboard in Resources */,
				F7B504E928CDBCB300E93269 /* Assets.xcassets in Resources */,
				F7B504E728CDBCB200E93269 /* Main.storyboard in Resources */,
			);
			runOnlyForDeploymentPostprocessing = 0;
		};
		F7B504F028CDBCB300E93269 /* Resources */ = {
			isa = PBXResourcesBuildPhase;
			buildActionMask = 2147483647;
			files = (
			);
			runOnlyForDeploymentPostprocessing = 0;
		};
		F7B504FA28CDBCB300E93269 /* Resources */ = {
			isa = PBXResourcesBuildPhase;
			buildActionMask = 2147483647;
			files = (
			);
			runOnlyForDeploymentPostprocessing = 0;
		};
/* End PBXResourcesBuildPhase section */

/* Begin PBXSourcesBuildPhase section */
		F7B504D828CDBCB200E93269 /* Sources */ = {
			isa = PBXSourcesBuildPhase;
			buildActionMask = 2147483647;
			files = (
				F7B504E428CDBCB200E93269 /* ViewController.swift in Sources */,
				F7B504E028CDBCB200E93269 /* AppDelegate.swift in Sources */,
				F7B504E228CDBCB200E93269 /* SceneDelegate.swift in Sources */,
			);
			runOnlyForDeploymentPostprocessing = 0;
		};
		F7B504EE28CDBCB300E93269 /* Sources */ = {
			isa = PBXSourcesBuildPhase;
			buildActionMask = 2147483647;
			files = (
				F7B504F728CDBCB300E93269 /* DicodingDropTests.swift in Sources */,
			);
			runOnlyForDeploymentPostprocessing = 0;
		};
		F7B504F828CDBCB300E93269 /* Sources */ = {
			isa = PBXSourcesBuildPhase;
			buildActionMask = 2147483647;
			files = (
				F7B5050328CDBCB300E93269 /* DicodingDropUITestsLaunchTests.swift in Sources */,
				F7B5050128CDBCB300E93269 /* DicodingDropUITests.swift in Sources */,
			);
			runOnlyForDeploymentPostprocessing = 0;
		};
/* End PBXSourcesBuildPhase section */

/* Begin PBXTargetDependency section */
		F7B504F428CDBCB300E93269 /* PBXTargetDependency */ = {
			isa = PBXTargetDependency;
			target = F7B504DB28CDBCB200E93269 /* DicodingDrop */;
			targetProxy = F7B504F328CDBCB300E93269 /* PBXContainerItemProxy */;
		};
		F7B504FE28CDBCB300E93269 /* PBXTargetDependency */ = {
			isa = PBXTargetDependency;
			target = F7B504DB28CDBCB200E93269 /* DicodingDrop */;
			targetProxy = F7B504FD28CDBCB300E93269 /* PBXContainerItemProxy */;
		};
/* End PBXTargetDependency section */

/* Begin PBXVariantGroup section */
		F7B504E528CDBCB200E93269 /* Main.storyboard */ = {
			isa = PBXVariantGroup;
			children = (
				F7B504E628CDBCB200E93269 /* Base */,
			);
			name = Main.storyboard;
			sourceTree = "<group>";
		};
		F7B504EA28CDBCB300E93269 /* LaunchScreen.storyboard */ = {
			isa = PBXVariantGroup;
			children = (
				F7B504EB28CDBCB300E93269 /* Base */,
			);
			name = LaunchScreen.storyboard;
			sourceTree = "<group>";
		};
/* End PBXVariantGroup section */

/* Begin XCBuildConfiguration section */
		F7B5050428CDBCB300E93269 /* Debug */ = {
			isa = XCBuildConfiguration;
			buildSettings = {
				ALWAYS_SEARCH_USER_PATHS = NO;
				CLANG_ANALYZER_NONNULL = YES;
				CLANG_ANALYZER_NUMBER_OBJECT_CONVERSION = YES_AGGRESSIVE;
				CLANG_CXX_LANGUAGE_STANDARD = "gnu++17";
				CLANG_ENABLE_MODULES = YES;
				CLANG_ENABLE_OBJC_ARC = YES;
				CLANG_ENABLE_OBJC_WEAK = YES;
				CLANG_WARN_BLOCK_CAPTURE_AUTORELEASING = YES;
				CLANG_WARN_BOOL_CONVERSION = YES;
				CLANG_WARN_COMMA = YES;
				CLANG_WARN_CONSTANT_CONVERSION = YES;
				CLANG_WARN_DEPRECATED_OBJC_IMPLEMENTATIONS = YES;
				CLANG_WARN_DIRECT_OBJC_ISA_USAGE = YES_ERROR;
				CLANG_WARN_DOCUMENTATION_COMMENTS = YES;
				CLANG_WARN_EMPTY_BODY = YES;
				CLANG_WARN_ENUM_CONVERSION = YES;
				CLANG_WARN_INFINITE_RECURSION = YES;
				CLANG_WARN_INT_CONVERSION = YES;
				CLANG_WARN_NON_LITERAL_NULL_CONVERSION = YES;
				CLANG_WARN_OBJC_IMPLICIT_RETAIN_SELF = YES;
				CLANG_WARN_OBJC_LITERAL_CONVERSION = YES;
				CLANG_WARN_OBJC_ROOT_CLASS = YES_ERROR;
				CLANG_WARN_QUOTED_INCLUDE_IN_FRAMEWORK_HEADER = YES;
				CLANG_WARN_RANGE_LOOP_ANALYSIS = YES;
				CLANG_WARN_STRICT_PROTOTYPES = YES;
				CLANG_WARN_SUSPICIOUS_MOVE = YES;
				CLANG_WARN_UNGUARDED_AVAILABILITY = YES_AGGRESSIVE;
				CLANG_WARN_UNREACHABLE_CODE = YES;
				CLANG_WARN__DUPLICATE_METHOD_MATCH = YES;
				COPY_PHASE_STRIP = NO;
				DEBUG_INFORMATION_FORMAT = dwarf;
				ENABLE_STRICT_OBJC_MSGSEND = YES;
				ENABLE_TESTABILITY = YES;
				GCC_C_LANGUAGE_STANDARD = gnu11;
				GCC_DYNAMIC_NO_PIC = NO;
				GCC_NO_COMMON_BLOCKS = YES;
				GCC_OPTIMIZATION_LEVEL = 0;
				GCC_PREPROCESSOR_DEFINITIONS = (
					"DEBUG=1",
					"$(inherited)",
				);
				GCC_WARN_64_TO_32_BIT_CONVERSION = YES;
				GCC_WARN_ABOUT_RETURN_TYPE = YES_ERROR;
				GCC_WARN_UNDECLARED_SELECTOR = YES;
				GCC_WARN_UNINITIALIZED_AUTOS = YES_AGGRESSIVE;
				GCC_WARN_UNUSED_FUNCTION = YES;
				GCC_WARN_UNUSED_VARIABLE = YES;
				IPHONEOS_DEPLOYMENT_TARGET = 15.5;
				MTL_ENABLE_DEBUG_INFO = INCLUDE_SOURCE;
				MTL_FAST_MATH = YES;
				ONLY_ACTIVE_ARCH = YES;
				SDKROOT = iphoneos;
				SWIFT_ACTIVE_COMPILATION_CONDITIONS = DEBUG;
				SWIFT_OPTIMIZATION_LEVEL = "-Onone";
			};
			name = Debug;
		};
		F7B5050528CDBCB300E93269 /* Release */ = {
			isa = XCBuildConfiguration;
			buildSettings = {
				ALWAYS_SEARCH_USER_PATHS = NO;
				CLANG_ANALYZER_NONNULL = YES;
				CLANG_ANALYZER_NUMBER_OBJECT_CONVERSION = YES_AGGRESSIVE;
				CLANG_CXX_LANGUAGE_STANDARD = "gnu++17";
				CLANG_ENABLE_MODULES = YES;
				CLANG_ENABLE_OBJC_ARC = YES;
				CLANG_ENABLE_OBJC_WEAK = YES;
				CLANG_WARN_BLOCK_CAPTURE_AUTORELEASING = YES;
				CLANG_WARN_BOOL_CONVERSION = YES;
				CLANG_WARN_COMMA = YES;
				CLANG_WARN_CONSTANT_CONVERSION = YES;
				CLANG_WARN_DEPRECATED_OBJC_IMPLEMENTATIONS = YES;
				CLANG_WARN_DIRECT_OBJC_ISA_USAGE = YES_ERROR;
				CLANG_WARN_DOCUMENTATION_COMMENTS = YES;
				CLANG_WARN_EMPTY_BODY = YES;
				CLANG_WARN_ENUM_CONVERSION = YES;
				CLANG_WARN_INFINITE_RECURSION = YES;
				CLANG_WARN_INT_CONVERSION = YES;
				CLANG_WARN_NON_LITERAL_NULL_CONVERSION = YES;
				CLANG_WARN_OBJC_IMPLICIT_RETAIN_SELF = YES;
				CLANG_WARN_OBJC_LITERAL_CONVERSION = YES;
				CLANG_WARN_OBJC_ROOT_CLASS = YES_ERROR;
				CLANG_WARN_QUOTED_INCLUDE_IN_FRAMEWORK_HEADER = YES;
				CLANG_WARN_RANGE_LOOP_ANALYSIS = YES;
				CLANG_WARN_STRICT_PROTOTYPES = YES;
				CLANG_WARN_SUSPICIOUS_MOVE = YES;
				CLANG_WARN_UNGUARDED_AVAILABILITY = YES_AGGRESSIVE;
				CLANG_WARN_UNREACHABLE_CODE = YES;
				CLANG_WARN__DUPLICATE_METHOD_MATCH = YES;
				COPY_PHASE_STRIP = NO;
				DEBUG_INFORMATION_FORMAT = "dwarf-with-dsym";
				ENABLE_NS_ASSERTIONS = NO;
				ENABLE_STRICT_OBJC_MSGSEND = YES;
				GCC_C_LANGUAGE_STANDARD = gnu11;
				GCC_NO_COMMON_BLOCKS = YES;
				GCC_WARN_64_TO_32_BIT_CONVERSION = YES;
				GCC_WARN_ABOUT_RETURN_TYPE = YES_ERROR;
				GCC_WARN_UNDECLARED_SELECTOR = YES;
				GCC_WARN_UNINITIALIZED_AUTOS = YES_AGGRESSIVE;
				GCC_WARN_UNUSED_FUNCTION = YES;
				GCC_WARN_UNUSED_VARIABLE = YES;
				IPHONEOS_DEPLOYMENT_TARGET = 15.5;
				MTL_ENABLE_DEBUG_INFO = NO;
				MTL_FAST_MATH = YES;
				SDKROOT = iphoneos;
				SWIFT_COMPILATION_MODE = wholemodule;
				SWIFT_OPTIMIZATION_LEVEL = "-O";
				VALIDATE_PRODUCT = YES;
			};
			name = Release;
		};
		F7B5050728CDBCB300E93269 /* Debug */ = {
			isa = XCBuildConfiguration;
			buildSettings = {
				ASSETCATALOG_COMPILER_APPICON_NAME = AppIcon;
				ASSETCATALOG_COMPILER_GLOBAL_ACCENT_COLOR_NAME = AccentColor;
				CODE_SIGN_STYLE = Automatic;
				CURRENT_PROJECT_VERSION = 1;
				DEVELOPMENT_TEAM = RDA574N926;
				GENERATE_INFOPLIST_FILE = YES;
				INFOPLIST_FILE = DicodingDrop/Info.plist;
				INFOPLIST_KEY_UIApplicationSupportsIndirectInputEvents = YES;
				INFOPLIST_KEY_UILaunchStoryboardName = LaunchScreen;
				INFOPLIST_KEY_UIMainStoryboardFile = Main;
				INFOPLIST_KEY_UISupportedInterfaceOrientations_iPad = "UIInterfaceOrientationPortrait UIInterfaceOrientationPortraitUpsideDown UIInterfaceOrientationLandscapeLeft UIInterfaceOrientationLandscapeRight";
				INFOPLIST_KEY_UISupportedInterfaceOrientations_iPhone = "UIInterfaceOrientationPortrait UIInterfaceOrientationLandscapeLeft UIInterfaceOrientationLandscapeRight";
				LD_RUNPATH_SEARCH_PATHS = (
					"$(inherited)",
					"@executable_path/Frameworks",
				);
				MARKETING_VERSION = 1.0;
				PRODUCT_BUNDLE_IDENTIFIER = com.patriciafiona.DicodingDrop;
				PRODUCT_NAME = "$(TARGET_NAME)";
				SWIFT_EMIT_LOC_STRINGS = YES;
				SWIFT_VERSION = 5.0;
				TARGETED_DEVICE_FAMILY = "1,2";
			};
			name = Debug;
		};
		F7B5050828CDBCB300E93269 /* Release */ = {
			isa = XCBuildConfiguration;
			buildSettings = {
				ASSETCATALOG_COMPILER_APPICON_NAME = AppIcon;
				ASSETCATALOG_COMPILER_GLOBAL_ACCENT_COLOR_NAME = AccentColor;
				CODE_SIGN_STYLE = Automatic;
				CURRENT_PROJECT_VERSION = 1;
				DEVELOPMENT_TEAM = RDA574N926;
				GENERATE_INFOPLIST_FILE = YES;
				INFOPLIST_FILE = DicodingDrop/Info.plist;
				INFOPLIST_KEY_UIApplicationSupportsIndirectInputEvents = YES;
				INFOPLIST_KEY_UILaunchStoryboardName = LaunchScreen;
				INFOPLIST_KEY_UIMainStoryboardFile = Main;
				INFOPLIST_KEY_UISupportedInterfaceOrientations_iPad = "UIInterfaceOrientationPortrait UIInterfaceOrientationPortraitUpsideDown UIInterfaceOrientationLandscapeLeft UIInterfaceOrientationLandscapeRight";
				INFOPLIST_KEY_UISupportedInterfaceOrientations_iPhone = "UIInterfaceOrientationPortrait UIInterfaceOrientationLandscapeLeft UIInterfaceOrientationLandscapeRight";
				LD_RUNPATH_SEARCH_PATHS = (
					"$(inherited)",
					"@executable_path/Frameworks",
				);
				MARKETING_VERSION = 1.0;
				PRODUCT_BUNDLE_IDENTIFIER = com.patriciafiona.DicodingDrop;
				PRODUCT_NAME = "$(TARGET_NAME)";
				SWIFT_EMIT_LOC_STRINGS = YES;
				SWIFT_VERSION = 5.0;
				TARGETED_DEVICE_FAMILY = "1,2";
			};
			name = Release;
		};
		F7B5050A28CDBCB300E93269 /* Debug */ = {
			isa = XCBuildConfiguration;
			buildSettings = {
				ALWAYS_EMBED_SWIFT_STANDARD_LIBRARIES = YES;
				BUNDLE_LOADER = "$(TEST_HOST)";
				CODE_SIGN_STYLE = Automatic;
				CURRENT_PROJECT_VERSION = 1;
				DEVELOPMENT_TEAM = RDA574N926;
				GENERATE_INFOPLIST_FILE = YES;
				IPHONEOS_DEPLOYMENT_TARGET = 15.5;
				MARKETING_VERSION = 1.0;
				PRODUCT_BUNDLE_IDENTIFIER = com.patriciafiona.DicodingDropTests;
				PRODUCT_NAME = "$(TARGET_NAME)";
				SWIFT_EMIT_LOC_STRINGS = NO;
				SWIFT_VERSION = 5.0;
				TARGETED_DEVICE_FAMILY = "1,2";
				TEST_HOST = "$(BUILT_PRODUCTS_DIR)/DicodingDrop.app/DicodingDrop";
			};
			name = Debug;
		};
		F7B5050B28CDBCB300E93269 /* Release */ = {
			isa = XCBuildConfiguration;
			buildSettings = {
				ALWAYS_EMBED_SWIFT_STANDARD_LIBRARIES = YES;
				BUNDLE_LOADER = "$(TEST_HOST)";
				CODE_SIGN_STYLE = Automatic;
				CURRENT_PROJECT_VERSION = 1;
				DEVELOPMENT_TEAM = RDA574N926;
				GENERATE_INFOPLIST_FILE = YES;
				IPHONEOS_DEPLOYMENT_TARGET = 15.5;
				MARKETING_VERSION = 1.0;
				PRODUCT_BUNDLE_IDENTIFIER = com.patriciafiona.DicodingDropTests;
				PRODUCT_NAME = "$(TARGET_NAME)";
				SWIFT_EMIT_LOC_STRINGS = NO;
				SWIFT_VERSION = 5.0;
				TARGETED_DEVICE_FAMILY = "1,2";
				TEST_HOST = "$(BUILT_PRODUCTS_DIR)/DicodingDrop.app/DicodingDrop";
			};
			name = Release;
		};
		F7B5050D28CDBCB300E93269 /* Debug */ = {
			isa = XCBuildConfiguration;
			buildSettings = {
				ALWAYS_EMBED_SWIFT_STANDARD_LIBRARIES = YES;
				CODE_SIGN_STYLE = Automatic;
				CURRENT_PROJECT_VERSION = 1;
				DEVELOPMENT_TEAM = RDA574N926;
				GENERATE_INFOPLIST_FILE = YES;
				MARKETING_VERSION = 1.0;
				PRODUCT_BUNDLE_IDENTIFIER = com.patriciafiona.DicodingDropUITests;
				PRODUCT_NAME = "$(TARGET_NAME)";
				SWIFT_EMIT_LOC_STRINGS = NO;
				SWIFT_VERSION = 5.0;
				TARGETED_DEVICE_FAMILY = "1,2";
				TEST_TARGET_NAME = DicodingDrop;
			};
			name = Debug;
		};
		F7B5050E28CDBCB300E93269 /* Release */ = {
			isa = XCBuildConfiguration;
			buildSettings = {
				ALWAYS_EMBED_SWIFT_STANDARD_LIBRARIES = YES;
				CODE_SIGN_STYLE = Automatic;
				CURRENT_PROJECT_VERSION = 1;
				DEVELOPMENT_TEAM = RDA574N926;
				GENERATE_INFOPLIST_FILE = YES;
				MARKETING_VERSION = 1.0;
				PRODUCT_BUNDLE_IDENTIFIER = com.patriciafiona.DicodingDropUITests;
				PRODUCT_NAME = "$(TARGET_NAME)";
				SWIFT_EMIT_LOC_STRINGS = NO;
				SWIFT_VERSION = 5.0;
				TARGETED_DEVICE_FAMILY = "1,2";
				TEST_TARGET_NAME = DicodingDrop;
			};
			name = Release;
		};
/* End XCBuildConfiguration section */

/* Begin XCConfigurationList section */
		F7B504D728CDBCB200E93269 /* Build configuration list for PBXProject "DicodingDrop" */ = {
			isa = XCConfigurationList;
			buildConfigurations = (
				F7B5050428CDBCB300E93269 /* Debug */,
				F7B5050528CDBCB300E93269 /* Release */,
			);
			defaultConfigurationIsVisible = 0;
			defaultConfigurationName = Release;
		};
		F7B5050628CDBCB300E93269 /* Build configuration list for PBXNativeTarget "DicodingDrop" */ = {
			isa = XCConfigurationList;
			buildConfigurations = (
				F7B5050728CDBCB300E93269 /* Debug */,
				F7B5050828CDBCB300E93269 /* Release */,
			);
			defaultConfigurationIsVisible = 0;
			defaultConfigurationName = Release;
		};
		F7B5050928CDBCB300E93269 /* Build configuration list for PBXNativeTarget "DicodingDropTests" */ = {
			isa = XCConfigurationList;
			buildConfigurations = (
				F7B5050A28CDBCB300E93269 /* Debug */,
				F7B5050B28CDBCB300E93269 /* Release */,
			);
			defaultConfigurationIsVisible = 0;
			defaultConfigurationName = Release;
		};
		F7B5050C28CDBCB300E93269 /* Build configuration list for PBXNativeTarget "DicodingDropUITests" */ = {
			isa = XCConfigurationList;
			buildConfigurations = (
				F7B5050D28CDBCB300E93269 /* Debug */,
				F7B5050E28CDBCB300E93269 /* Release */,
			);
			defaultConfigurationIsVisible = 0;
			defaultConfigurationName = Release;
		};
/* End XCConfigurationList section */
	};
	rootObject = F7B504D428CDBCB200E93269 /* Project object */;
}
