// !$*UTF8*$!
{
	archiveVersion = 1;
	classes = {
	};
	objectVersion = 56;
	objects = {

/* Begin PBXBuildFile section */
		F7CCDB4928DAAE6F0006D490 /* MyMoviesApp.swift in Sources */ = {isa = PBXBuildFile; fileRef = F7CCDB4828DAAE6F0006D490 /* MyMoviesApp.swift */; };
		F7CCDB4B28DAAE6F0006D490 /* ContentView.swift in Sources */ = {isa = PBXBuildFile; fileRef = F7CCDB4A28DAAE6F0006D490 /* ContentView.swift */; };
		F7CCDB4D28DAAE770006D490 /* Assets.xcassets in Resources */ = {isa = PBXBuildFile; fileRef = F7CCDB4C28DAAE770006D490 /* Assets.xcassets */; };
		F7CCDB5028DAAE770006D490 /* Preview Assets.xcassets in Resources */ = {isa = PBXBuildFile; fileRef = F7CCDB4F28DAAE770006D490 /* Preview Assets.xcassets */; };
		F7CCDB5928DAAEA80006D490 /* MovieModel.swift in Sources */ = {isa = PBXBuildFile; fileRef = F7CCDB5828DAAEA80006D490 /* MovieModel.swift */; };
		F7CCDB5C28DAAEEB0006D490 /* MovieResponses.swift in Sources */ = {isa = PBXBuildFile; fileRef = F7CCDB5B28DAAEEB0006D490 /* MovieResponses.swift */; };
		F7CCDB5E28DAAF010006D490 /* MovieResponse.swift in Sources */ = {isa = PBXBuildFile; fileRef = F7CCDB5D28DAAF010006D490 /* MovieResponse.swift */; };
		F7CCDB6028DAAF230006D490 /* NetworkService.swift in Sources */ = {isa = PBXBuildFile; fileRef = F7CCDB5F28DAAF230006D490 /* NetworkService.swift */; };
		F7CCDB6228DAAFA20006D490 /* MovieItemView.swift in Sources */ = {isa = PBXBuildFile; fileRef = F7CCDB6128DAAFA20006D490 /* MovieItemView.swift */; };
/* End PBXBuildFile section */

/* Begin PBXFileReference section */
		F7CCDB4528DAAE6F0006D490 /* MyMovies.app */ = {isa = PBXFileReference; explicitFileType = wrapper.application; includeInIndex = 0; path = MyMovies.app; sourceTree = BUILT_PRODUCTS_DIR; };
		F7CCDB4828DAAE6F0006D490 /* MyMoviesApp.swift */ = {isa = PBXFileReference; lastKnownFileType = sourcecode.swift; path = MyMoviesApp.swift; sourceTree = "<group>"; };
		F7CCDB4A28DAAE6F0006D490 /* ContentView.swift */ = {isa = PBXFileReference; lastKnownFileType = sourcecode.swift; path = ContentView.swift; sourceTree = "<group>"; };
		F7CCDB4C28DAAE770006D490 /* Assets.xcassets */ = {isa = PBXFileReference; lastKnownFileType = folder.assetcatalog; path = Assets.xcassets; sourceTree = "<group>"; };
		F7CCDB4F28DAAE770006D490 /* Preview Assets.xcassets */ = {isa = PBXFileReference; lastKnownFileType = folder.assetcatalog; path = "Preview Assets.xcassets"; sourceTree = "<group>"; };
		F7CCDB5828DAAEA80006D490 /* MovieModel.swift */ = {isa = PBXFileReference; lastKnownFileType = sourcecode.swift; path = MovieModel.swift; sourceTree = "<group>"; };
		F7CCDB5B28DAAEEB0006D490 /* MovieResponses.swift */ = {isa = PBXFileReference; lastKnownFileType = sourcecode.swift; path = MovieResponses.swift; sourceTree = "<group>"; };
		F7CCDB5D28DAAF010006D490 /* MovieResponse.swift */ = {isa = PBXFileReference; lastKnownFileType = sourcecode.swift; path = MovieResponse.swift; sourceTree = "<group>"; };
		F7CCDB5F28DAAF230006D490 /* NetworkService.swift */ = {isa = PBXFileReference; lastKnownFileType = sourcecode.swift; path = NetworkService.swift; sourceTree = "<group>"; };
		F7CCDB6128DAAFA20006D490 /* MovieItemView.swift */ = {isa = PBXFileReference; lastKnownFileType = sourcecode.swift; path = MovieItemView.swift; sourceTree = "<group>"; };
/* End PBXFileReference section */

/* Begin PBXFrameworksBuildPhase section */
		F7CCDB4228DAAE6F0006D490 /* Frameworks */ = {
			isa = PBXFrameworksBuildPhase;
			buildActionMask = 2147483647;
			files = (
			);
			runOnlyForDeploymentPostprocessing = 0;
		};
/* End PBXFrameworksBuildPhase section */

/* Begin PBXGroup section */
		F7CCDB3C28DAAE6F0006D490 = {
			isa = PBXGroup;
			children = (
				F7CCDB4728DAAE6F0006D490 /* MyMovies */,
				F7CCDB4628DAAE6F0006D490 /* Products */,
			);
			sourceTree = "<group>";
		};
		F7CCDB4628DAAE6F0006D490 /* Products */ = {
			isa = PBXGroup;
			children = (
				F7CCDB4528DAAE6F0006D490 /* MyMovies.app */,
			);
			name = Products;
			sourceTree = "<group>";
		};
		F7CCDB4728DAAE6F0006D490 /* MyMovies */ = {
			isa = PBXGroup;
			children = (
				F7CCDB5728DAAE990006D490 /* Model */,
				F7CCDB5628DAAE910006D490 /* View */,
				F7CCDB4828DAAE6F0006D490 /* MyMoviesApp.swift */,
				F7CCDB4A28DAAE6F0006D490 /* ContentView.swift */,
				F7CCDB4C28DAAE770006D490 /* Assets.xcassets */,
				F7CCDB4E28DAAE770006D490 /* Preview Content */,
			);
			path = MyMovies;
			sourceTree = "<group>";
		};
		F7CCDB4E28DAAE770006D490 /* Preview Content */ = {
			isa = PBXGroup;
			children = (
				F7CCDB4F28DAAE770006D490 /* Preview Assets.xcassets */,
			);
			path = "Preview Content";
			sourceTree = "<group>";
		};
		F7CCDB5628DAAE910006D490 /* View */ = {
			isa = PBXGroup;
			children = (
				F7CCDB6128DAAFA20006D490 /* MovieItemView.swift */,
			);
			path = View;
			sourceTree = "<group>";
		};
		F7CCDB5728DAAE990006D490 /* Model */ = {
			isa = PBXGroup;
			children = (
				F7CCDB5A28DAAEDF0006D490 /* Response */,
				F7CCDB5828DAAEA80006D490 /* MovieModel.swift */,
				F7CCDB5F28DAAF230006D490 /* NetworkService.swift */,
			);
			path = Model;
			sourceTree = "<group>";
		};
		F7CCDB5A28DAAEDF0006D490 /* Response */ = {
			isa = PBXGroup;
			children = (
				F7CCDB5B28DAAEEB0006D490 /* MovieResponses.swift */,
				F7CCDB5D28DAAF010006D490 /* MovieResponse.swift */,
			);
			path = Response;
			sourceTree = "<group>";
		};
/* End PBXGroup section */

/* Begin PBXNativeTarget section */
		F7CCDB4428DAAE6F0006D490 /* MyMovies */ = {
			isa = PBXNativeTarget;
			buildConfigurationList = F7CCDB5328DAAE770006D490 /* Build configuration list for PBXNativeTarget "MyMovies" */;
			buildPhases = (
				F7CCDB4128DAAE6F0006D490 /* Sources */,
				F7CCDB4228DAAE6F0006D490 /* Frameworks */,
				F7CCDB4328DAAE6F0006D490 /* Resources */,
			);
			buildRules = (
			);
			dependencies = (
			);
			name = MyMovies;
			productName = MyMovies;
			productReference = F7CCDB4528DAAE6F0006D490 /* MyMovies.app */;
			productType = "com.apple.product-type.application";
		};
/* End PBXNativeTarget section */

/* Begin PBXProject section */
		F7CCDB3D28DAAE6F0006D490 /* Project object */ = {
			isa = PBXProject;
			attributes = {
				BuildIndependentTargetsInParallel = 1;
				LastSwiftUpdateCheck = 1400;
				LastUpgradeCheck = 1400;
				TargetAttributes = {
					F7CCDB4428DAAE6F0006D490 = {
						CreatedOnToolsVersion = 14.0;
					};
				};
			};
			buildConfigurationList = F7CCDB4028DAAE6F0006D490 /* Build configuration list for PBXProject "MyMovies" */;
			compatibilityVersion = "Xcode 14.0";
			developmentRegion = en;
			hasScannedForEncodings = 0;
			knownRegions = (
				en,
				Base,
			);
			mainGroup = F7CCDB3C28DAAE6F0006D490;
			productRefGroup = F7CCDB4628DAAE6F0006D490 /* Products */;
			projectDirPath = "";
			projectRoot = "";
			targets = (
				F7CCDB4428DAAE6F0006D490 /* MyMovies */,
			);
		};
/* End PBXProject section */

/* Begin PBXResourcesBuildPhase section */
		F7CCDB4328DAAE6F0006D490 /* Resources */ = {
			isa = PBXResourcesBuildPhase;
			buildActionMask = 2147483647;
			files = (
				F7CCDB5028DAAE770006D490 /* Preview Assets.xcassets in Resources */,
				F7CCDB4D28DAAE770006D490 /* Assets.xcassets in Resources */,
			);
			runOnlyForDeploymentPostprocessing = 0;
		};
/* End PBXResourcesBuildPhase section */

/* Begin PBXSourcesBuildPhase section */
		F7CCDB4128DAAE6F0006D490 /* Sources */ = {
			isa = PBXSourcesBuildPhase;
			buildActionMask = 2147483647;
			files = (
				F7CCDB5928DAAEA80006D490 /* MovieModel.swift in Sources */,
				F7CCDB6228DAAFA20006D490 /* MovieItemView.swift in Sources */,
				F7CCDB5E28DAAF010006D490 /* MovieResponse.swift in Sources */,
				F7CCDB5C28DAAEEB0006D490 /* MovieResponses.swift in Sources */,
				F7CCDB4B28DAAE6F0006D490 /* ContentView.swift in Sources */,
				F7CCDB6028DAAF230006D490 /* NetworkService.swift in Sources */,
				F7CCDB4928DAAE6F0006D490 /* MyMoviesApp.swift in Sources */,
			);
			runOnlyForDeploymentPostprocessing = 0;
		};
/* End PBXSourcesBuildPhase section */

/* Begin XCBuildConfiguration section */
		F7CCDB5128DAAE770006D490 /* Debug */ = {
			isa = XCBuildConfiguration;
			buildSettings = {
				ALWAYS_SEARCH_USER_PATHS = NO;
				CLANG_ANALYZER_NONNULL = YES;
				CLANG_ANALYZER_NUMBER_OBJECT_CONVERSION = YES_AGGRESSIVE;
				CLANG_CXX_LANGUAGE_STANDARD = "gnu++20";
				CLANG_ENABLE_MODULES = YES;
				CLANG_ENABLE_OBJC_ARC = YES;
				CLANG_ENABLE_OBJC_WEAK = YES;
				CLANG_WARN_BLOCK_CAPTURE_AUTORELEASING = YES;
				CLANG_WARN_BOOL_CONVERSION = YES;
				CLANG_WARN_COMMA = YES;
				CLANG_WARN_CONSTANT_CONVERSION = YES;
				CLANG_WARN_DEPRECATED_OBJC_IMPLEMENTATIONS = YES;
				CLANG_WARN_DIRECT_OBJC_ISA_USAGE = YES_ERROR;
				CLANG_WARN_DOCUMENTATION_COMMENTS = YES;
				CLANG_WARN_EMPTY_BODY = YES;
				CLANG_WARN_ENUM_CONVERSION = YES;
				CLANG_WARN_INFINITE_RECURSION = YES;
				CLANG_WARN_INT_CONVERSION = YES;
				CLANG_WARN_NON_LITERAL_NULL_CONVERSION = YES;
				CLANG_WARN_OBJC_IMPLICIT_RETAIN_SELF = YES;
				CLANG_WARN_OBJC_LITERAL_CONVERSION = YES;
				CLANG_WARN_OBJC_ROOT_CLASS = YES_ERROR;
				CLANG_WARN_QUOTED_INCLUDE_IN_FRAMEWORK_HEADER = YES;
				CLANG_WARN_RANGE_LOOP_ANALYSIS = YES;
				CLANG_WARN_STRICT_PROTOTYPES = YES;
				CLANG_WARN_SUSPICIOUS_MOVE = YES;
				CLANG_WARN_UNGUARDED_AVAILABILITY = YES_AGGRESSIVE;
				CLANG_WARN_UNREACHABLE_CODE = YES;
				CLANG_WARN__DUPLICATE_METHOD_MATCH = YES;
				COPY_PHASE_STRIP = NO;
				DEBUG_INFORMATION_FORMAT = dwarf;
				ENABLE_STRICT_OBJC_MSGSEND = YES;
				ENABLE_TESTABILITY = YES;
				GCC_C_LANGUAGE_STANDARD = gnu11;
				GCC_DYNAMIC_NO_PIC = NO;
				GCC_NO_COMMON_BLOCKS = YES;
				GCC_OPTIMIZATION_LEVEL = 0;
				GCC_PREPROCESSOR_DEFINITIONS = (
					"DEBUG=1",
					"$(inherited)",
				);
				GCC_WARN_64_TO_32_BIT_CONVERSION = YES;
				GCC_WARN_ABOUT_RETURN_TYPE = YES_ERROR;
				GCC_WARN_UNDECLARED_SELECTOR = YES;
				GCC_WARN_UNINITIALIZED_AUTOS = YES_AGGRESSIVE;
				GCC_WARN_UNUSED_FUNCTION = YES;
				GCC_WARN_UNUSED_VARIABLE = YES;
				IPHONEOS_DEPLOYMENT_TARGET = 16.0;
				MTL_ENABLE_DEBUG_INFO = INCLUDE_SOURCE;
				MTL_FAST_MATH = YES;
				ONLY_ACTIVE_ARCH = YES;
				SDKROOT = iphoneos;
				SWIFT_ACTIVE_COMPILATION_CONDITIONS = DEBUG;
				SWIFT_OPTIMIZATION_LEVEL = "-Onone";
			};
			name = Debug;
		};
		F7CCDB5228DAAE770006D490 /* Release */ = {
			isa = XCBuildConfiguration;
			buildSettings = {
				ALWAYS_SEARCH_USER_PATHS = NO;
				CLANG_ANALYZER_NONNULL = YES;
				CLANG_ANALYZER_NUMBER_OBJECT_CONVERSION = YES_AGGRESSIVE;
				CLANG_CXX_LANGUAGE_STANDARD = "gnu++20";
				CLANG_ENABLE_MODULES = YES;
				CLANG_ENABLE_OBJC_ARC = YES;
				CLANG_ENABLE_OBJC_WEAK = YES;
				CLANG_WARN_BLOCK_CAPTURE_AUTORELEASING = YES;
				CLANG_WARN_BOOL_CONVERSION = YES;
				CLANG_WARN_COMMA = YES;
				CLANG_WARN_CONSTANT_CONVERSION = YES;
				CLANG_WARN_DEPRECATED_OBJC_IMPLEMENTATIONS = YES;
				CLANG_WARN_DIRECT_OBJC_ISA_USAGE = YES_ERROR;
				CLANG_WARN_DOCUMENTATION_COMMENTS = YES;
				CLANG_WARN_EMPTY_BODY = YES;
				CLANG_WARN_ENUM_CONVERSION = YES;
				CLANG_WARN_INFINITE_RECURSION = YES;
				CLANG_WARN_INT_CONVERSION = YES;
				CLANG_WARN_NON_LITERAL_NULL_CONVERSION = YES;
				CLANG_WARN_OBJC_IMPLICIT_RETAIN_SELF = YES;
				CLANG_WARN_OBJC_LITERAL_CONVERSION = YES;
				CLANG_WARN_OBJC_ROOT_CLASS = YES_ERROR;
				CLANG_WARN_QUOTED_INCLUDE_IN_FRAMEWORK_HEADER = YES;
				CLANG_WARN_RANGE_LOOP_ANALYSIS = YES;
				CLANG_WARN_STRICT_PROTOTYPES = YES;
				CLANG_WARN_SUSPICIOUS_MOVE = YES;
				CLANG_WARN_UNGUARDED_AVAILABILITY = YES_AGGRESSIVE;
				CLANG_WARN_UNREACHABLE_CODE = YES;
				CLANG_WARN__DUPLICATE_METHOD_MATCH = YES;
				COPY_PHASE_STRIP = NO;
				DEBUG_INFORMATION_FORMAT = "dwarf-with-dsym";
				ENABLE_NS_ASSERTIONS = NO;
				ENABLE_STRICT_OBJC_MSGSEND = YES;
				GCC_C_LANGUAGE_STANDARD = gnu11;
				GCC_NO_COMMON_BLOCKS = YES;
				GCC_WARN_64_TO_32_BIT_CONVERSION = YES;
				GCC_WARN_ABOUT_RETURN_TYPE = YES_ERROR;
				GCC_WARN_UNDECLARED_SELECTOR = YES;
				GCC_WARN_UNINITIALIZED_AUTOS = YES_AGGRESSIVE;
				GCC_WARN_UNUSED_FUNCTION = YES;
				GCC_WARN_UNUSED_VARIABLE = YES;
				IPHONEOS_DEPLOYMENT_TARGET = 16.0;
				MTL_ENABLE_DEBUG_INFO = NO;
				MTL_FAST_MATH = YES;
				SDKROOT = iphoneos;
				SWIFT_COMPILATION_MODE = wholemodule;
				SWIFT_OPTIMIZATION_LEVEL = "-O";
				VALIDATE_PRODUCT = YES;
			};
			name = Release;
		};
		F7CCDB5428DAAE770006D490 /* Debug */ = {
			isa = XCBuildConfiguration;
			buildSettings = {
				ASSETCATALOG_COMPILER_APPICON_NAME = AppIcon;
				ASSETCATALOG_COMPILER_GLOBAL_ACCENT_COLOR_NAME = AccentColor;
				CODE_SIGN_STYLE = Automatic;
				CURRENT_PROJECT_VERSION = 1;
				DEVELOPMENT_ASSET_PATHS = "\"MyMovies/Preview Content\"";
				DEVELOPMENT_TEAM = RDA574N926;
				ENABLE_PREVIEWS = YES;
				GENERATE_INFOPLIST_FILE = YES;
				INFOPLIST_KEY_UIApplicationSceneManifest_Generation = YES;
				INFOPLIST_KEY_UIApplicationSupportsIndirectInputEvents = YES;
				INFOPLIST_KEY_UILaunchScreen_Generation = YES;
				INFOPLIST_KEY_UISupportedInterfaceOrientations_iPad = "UIInterfaceOrientationPortrait UIInterfaceOrientationPortraitUpsideDown UIInterfaceOrientationLandscapeLeft UIInterfaceOrientationLandscapeRight";
				INFOPLIST_KEY_UISupportedInterfaceOrientations_iPhone = "UIInterfaceOrientationPortrait UIInterfaceOrientationLandscapeLeft UIInterfaceOrientationLandscapeRight";
				LD_RUNPATH_SEARCH_PATHS = (
					"$(inherited)",
					"@executable_path/Frameworks",
				);
				MARKETING_VERSION = 1.0;
				PRODUCT_BUNDLE_IDENTIFIER = com.patriciafiona.MyMovies;
				PRODUCT_NAME = "$(TARGET_NAME)";
				SWIFT_EMIT_LOC_STRINGS = YES;
				SWIFT_VERSION = 5.0;
				TARGETED_DEVICE_FAMILY = "1,2";
			};
			name = Debug;
		};
		F7CCDB5528DAAE770006D490 /* Release */ = {
			isa = XCBuildConfiguration;
			buildSettings = {
				ASSETCATALOG_COMPILER_APPICON_NAME = AppIcon;
				ASSETCATALOG_COMPILER_GLOBAL_ACCENT_COLOR_NAME = AccentColor;
				CODE_SIGN_STYLE = Automatic;
				CURRENT_PROJECT_VERSION = 1;
				DEVELOPMENT_ASSET_PATHS = "\"MyMovies/Preview Content\"";
				DEVELOPMENT_TEAM = RDA574N926;
				ENABLE_PREVIEWS = YES;
				GENERATE_INFOPLIST_FILE = YES;
				INFOPLIST_KEY_UIApplicationSceneManifest_Generation = YES;
				INFOPLIST_KEY_UIApplicationSupportsIndirectInputEvents = YES;
				INFOPLIST_KEY_UILaunchScreen_Generation = YES;
				INFOPLIST_KEY_UISupportedInterfaceOrientations_iPad = "UIInterfaceOrientationPortrait UIInterfaceOrientationPortraitUpsideDown UIInterfaceOrientationLandscapeLeft UIInterfaceOrientationLandscapeRight";
				INFOPLIST_KEY_UISupportedInterfaceOrientations_iPhone = "UIInterfaceOrientationPortrait UIInterfaceOrientationLandscapeLeft UIInterfaceOrientationLandscapeRight";
				LD_RUNPATH_SEARCH_PATHS = (
					"$(inherited)",
					"@executable_path/Frameworks",
				);
				MARKETING_VERSION = 1.0;
				PRODUCT_BUNDLE_IDENTIFIER = com.patriciafiona.MyMovies;
				PRODUCT_NAME = "$(TARGET_NAME)";
				SWIFT_EMIT_LOC_STRINGS = YES;
				SWIFT_VERSION = 5.0;
				TARGETED_DEVICE_FAMILY = "1,2";
			};
			name = Release;
		};
/* End XCBuildConfiguration section */

/* Begin XCConfigurationList section */
		F7CCDB4028DAAE6F0006D490 /* Build configuration list for PBXProject "MyMovies" */ = {
			isa = XCConfigurationList;
			buildConfigurations = (
				F7CCDB5128DAAE770006D490 /* Debug */,
				F7CCDB5228DAAE770006D490 /* Release */,
			);
			defaultConfigurationIsVisible = 0;
			defaultConfigurationName = Release;
		};
		F7CCDB5328DAAE770006D490 /* Build configuration list for PBXNativeTarget "MyMovies" */ = {
			isa = XCConfigurationList;
			buildConfigurations = (
				F7CCDB5428DAAE770006D490 /* Debug */,
				F7CCDB5528DAAE770006D490 /* Release */,
			);
			defaultConfigurationIsVisible = 0;
			defaultConfigurationName = Release;
		};
/* End XCConfigurationList section */
	};
	rootObject = F7CCDB3D28DAAE6F0006D490 /* Project object */;
}
