// !$*UTF8*$!
{
	archiveVersion = 1;
	classes = {
	};
	objectVersion = 56;
	objects = {

/* Begin PBXBuildFile section */
		F7CCDB7028DAB6870006D490 /* AppDelegate.swift in Sources */ = {isa = PBXBuildFile; fileRef = F7CCDB6F28DAB6870006D490 /* AppDelegate.swift */; };
		F7CCDB7228DAB6870006D490 /* SceneDelegate.swift in Sources */ = {isa = PBXBuildFile; fileRef = F7CCDB7128DAB6870006D490 /* SceneDelegate.swift */; };
		F7CCDB7428DAB6870006D490 /* ViewController.swift in Sources */ = {isa = PBXBuildFile; fileRef = F7CCDB7328DAB6870006D490 /* ViewController.swift */; };
		F7CCDB7728DAB6870006D490 /* Main.storyboard in Resources */ = {isa = PBXBuildFile; fileRef = F7CCDB7528DAB6870006D490 /* Main.storyboard */; };
		F7CCDB7928DAB68A0006D490 /* Assets.xcassets in Resources */ = {isa = PBXBuildFile; fileRef = F7CCDB7828DAB68A0006D490 /* Assets.xcassets */; };
		F7CCDB7C28DAB68A0006D490 /* LaunchScreen.storyboard in Resources */ = {isa = PBXBuildFile; fileRef = F7CCDB7A28DAB68A0006D490 /* LaunchScreen.storyboard */; };
		F7CCDB8728DAB68A0006D490 /* UnitTestingTests.swift in Sources */ = {isa = PBXBuildFile; fileRef = F7CCDB8628DAB68A0006D490 /* UnitTestingTests.swift */; };
		F7CCDB9128DAB68A0006D490 /* UnitTestingUITests.swift in Sources */ = {isa = PBXBuildFile; fileRef = F7CCDB9028DAB68A0006D490 /* UnitTestingUITests.swift */; };
		F7CCDB9328DAB68A0006D490 /* UnitTestingUITestsLaunchTests.swift in Sources */ = {isa = PBXBuildFile; fileRef = F7CCDB9228DAB68A0006D490 /* UnitTestingUITestsLaunchTests.swift */; };
		F7CCDBA628DAB6D20006D490 /* EmptyWindowTests.swift in Sources */ = {isa = PBXBuildFile; fileRef = F7CCDBA528DAB6D20006D490 /* EmptyWindowTests.swift */; };
/* End PBXBuildFile section */

/* Begin PBXContainerItemProxy section */
		F7CCDB8328DAB68A0006D490 /* PBXContainerItemProxy */ = {
			isa = PBXContainerItemProxy;
			containerPortal = F7CCDB6428DAB6870006D490 /* Project object */;
			proxyType = 1;
			remoteGlobalIDString = F7CCDB6B28DAB6870006D490;
			remoteInfo = UnitTesting;
		};
		F7CCDB8D28DAB68A0006D490 /* PBXContainerItemProxy */ = {
			isa = PBXContainerItemProxy;
			containerPortal = F7CCDB6428DAB6870006D490 /* Project object */;
			proxyType = 1;
			remoteGlobalIDString = F7CCDB6B28DAB6870006D490;
			remoteInfo = UnitTesting;
		};
		F7CCDBA728DAB6D20006D490 /* PBXContainerItemProxy */ = {
			isa = PBXContainerItemProxy;
			containerPortal = F7CCDB6428DAB6870006D490 /* Project object */;
			proxyType = 1;
			remoteGlobalIDString = F7CCDB6B28DAB6870006D490;
			remoteInfo = UnitTesting;
		};
/* End PBXContainerItemProxy section */

/* Begin PBXFileReference section */
		F7CCDB6C28DAB6870006D490 /* UnitTesting.app */ = {isa = PBXFileReference; explicitFileType = wrapper.application; includeInIndex = 0; path = UnitTesting.app; sourceTree = BUILT_PRODUCTS_DIR; };
		F7CCDB6F28DAB6870006D490 /* AppDelegate.swift */ = {isa = PBXFileReference; lastKnownFileType = sourcecode.swift; path = AppDelegate.swift; sourceTree = "<group>"; };
		F7CCDB7128DAB6870006D490 /* SceneDelegate.swift */ = {isa = PBXFileReference; lastKnownFileType = sourcecode.swift; path = SceneDelegate.swift; sourceTree = "<group>"; };
		F7CCDB7328DAB6870006D490 /* ViewController.swift */ = {isa = PBXFileReference; lastKnownFileType = sourcecode.swift; path = ViewController.swift; sourceTree = "<group>"; };
		F7CCDB7628DAB6870006D490 /* Base */ = {isa = PBXFileReference; lastKnownFileType = file.storyboard; name = Base; path = Base.lproj/Main.storyboard; sourceTree = "<group>"; };
		F7CCDB7828DAB68A0006D490 /* Assets.xcassets */ = {isa = PBXFileReference; lastKnownFileType = folder.assetcatalog; path = Assets.xcassets; sourceTree = "<group>"; };
		F7CCDB7B28DAB68A0006D490 /* Base */ = {isa = PBXFileReference; lastKnownFileType = file.storyboard; name = Base; path = Base.lproj/LaunchScreen.storyboard; sourceTree = "<group>"; };
		F7CCDB7D28DAB68A0006D490 /* Info.plist */ = {isa = PBXFileReference; lastKnownFileType = text.plist.xml; path = Info.plist; sourceTree = "<group>"; };
		F7CCDB8228DAB68A0006D490 /* UnitTestingTests.xctest */ = {isa = PBXFileReference; explicitFileType = wrapper.cfbundle; includeInIndex = 0; path = UnitTestingTests.xctest; sourceTree = BUILT_PRODUCTS_DIR; };
		F7CCDB8628DAB68A0006D490 /* UnitTestingTests.swift */ = {isa = PBXFileReference; lastKnownFileType = sourcecode.swift; path = UnitTestingTests.swift; sourceTree = "<group>"; };
		F7CCDB8C28DAB68A0006D490 /* UnitTestingUITests.xctest */ = {isa = PBXFileReference; explicitFileType = wrapper.cfbundle; includeInIndex = 0; path = UnitTestingUITests.xctest; sourceTree = BUILT_PRODUCTS_DIR; };
		F7CCDB9028DAB68A0006D490 /* UnitTestingUITests.swift */ = {isa = PBXFileReference; lastKnownFileType = sourcecode.swift; path = UnitTestingUITests.swift; sourceTree = "<group>"; };
		F7CCDB9228DAB68A0006D490 /* UnitTestingUITestsLaunchTests.swift */ = {isa = PBXFileReference; lastKnownFileType = sourcecode.swift; path = UnitTestingUITestsLaunchTests.swift; sourceTree = "<group>"; };
		F7CCDBA328DAB6D20006D490 /* EmptyWindowTests.xctest */ = {isa = PBXFileReference; explicitFileType = wrapper.cfbundle; includeInIndex = 0; path = EmptyWindowTests.xctest; sourceTree = BUILT_PRODUCTS_DIR; };
		F7CCDBA528DAB6D20006D490 /* EmptyWindowTests.swift */ = {isa = PBXFileReference; lastKnownFileType = sourcecode.swift; path = EmptyWindowTests.swift; sourceTree = "<group>"; };
/* End PBXFileReference section */

/* Begin PBXFrameworksBuildPhase section */
		F7CCDB6928DAB6870006D490 /* Frameworks */ = {
			isa = PBXFrameworksBuildPhase;
			buildActionMask = 2147483647;
			files = (
			);
			runOnlyForDeploymentPostprocessing = 0;
		};
		F7CCDB7F28DAB68A0006D490 /* Frameworks */ = {
			isa = PBXFrameworksBuildPhase;
			buildActionMask = 2147483647;
			files = (
			);
			runOnlyForDeploymentPostprocessing = 0;
		};
		F7CCDB8928DAB68A0006D490 /* Frameworks */ = {
			isa = PBXFrameworksBuildPhase;
			buildActionMask = 2147483647;
			files = (
			);
			runOnlyForDeploymentPostprocessing = 0;
		};
		F7CCDBA028DAB6D20006D490 /* Frameworks */ = {
			isa = PBXFrameworksBuildPhase;
			buildActionMask = 2147483647;
			files = (
			);
			runOnlyForDeploymentPostprocessing = 0;
		};
/* End PBXFrameworksBuildPhase section */

/* Begin PBXGroup section */
		F7CCDB6328DAB6870006D490 = {
			isa = PBXGroup;
			children = (
				F7CCDB6E28DAB6870006D490 /* UnitTesting */,
				F7CCDB8528DAB68A0006D490 /* UnitTestingTests */,
				F7CCDB8F28DAB68A0006D490 /* UnitTestingUITests */,
				F7CCDBA428DAB6D20006D490 /* EmptyWindowTests */,
				F7CCDB6D28DAB6870006D490 /* Products */,
			);
			sourceTree = "<group>";
		};
		F7CCDB6D28DAB6870006D490 /* Products */ = {
			isa = PBXGroup;
			children = (
				F7CCDB6C28DAB6870006D490 /* UnitTesting.app */,
				F7CCDB8228DAB68A0006D490 /* UnitTestingTests.xctest */,
				F7CCDB8C28DAB68A0006D490 /* UnitTestingUITests.xctest */,
				F7CCDBA328DAB6D20006D490 /* EmptyWindowTests.xctest */,
			);
			name = Products;
			sourceTree = "<group>";
		};
		F7CCDB6E28DAB6870006D490 /* UnitTesting */ = {
			isa = PBXGroup;
			children = (
				F7CCDB6F28DAB6870006D490 /* AppDelegate.swift */,
				F7CCDB7128DAB6870006D490 /* SceneDelegate.swift */,
				F7CCDB7328DAB6870006D490 /* ViewController.swift */,
				F7CCDB7528DAB6870006D490 /* Main.storyboard */,
				F7CCDB7828DAB68A0006D490 /* Assets.xcassets */,
				F7CCDB7A28DAB68A0006D490 /* LaunchScreen.storyboard */,
				F7CCDB7D28DAB68A0006D490 /* Info.plist */,
			);
			path = UnitTesting;
			sourceTree = "<group>";
		};
		F7CCDB8528DAB68A0006D490 /* UnitTestingTests */ = {
			isa = PBXGroup;
			children = (
				F7CCDB8628DAB68A0006D490 /* UnitTestingTests.swift */,
			);
			path = UnitTestingTests;
			sourceTree = "<group>";
		};
		F7CCDB8F28DAB68A0006D490 /* UnitTestingUITests */ = {
			isa = PBXGroup;
			children = (
				F7CCDB9028DAB68A0006D490 /* UnitTestingUITests.swift */,
				F7CCDB9228DAB68A0006D490 /* UnitTestingUITestsLaunchTests.swift */,
			);
			path = UnitTestingUITests;
			sourceTree = "<group>";
		};
		F7CCDBA428DAB6D20006D490 /* EmptyWindowTests */ = {
			isa = PBXGroup;
			children = (
				F7CCDBA528DAB6D20006D490 /* EmptyWindowTests.swift */,
			);
			path = EmptyWindowTests;
			sourceTree = "<group>";
		};
/* End PBXGroup section */

/* Begin PBXNativeTarget section */
		F7CCDB6B28DAB6870006D490 /* UnitTesting */ = {
			isa = PBXNativeTarget;
			buildConfigurationList = F7CCDB9628DAB68A0006D490 /* Build configuration list for PBXNativeTarget "UnitTesting" */;
			buildPhases = (
				F7CCDB6828DAB6870006D490 /* Sources */,
				F7CCDB6928DAB6870006D490 /* Frameworks */,
				F7CCDB6A28DAB6870006D490 /* Resources */,
			);
			buildRules = (
			);
			dependencies = (
			);
			name = UnitTesting;
			productName = UnitTesting;
			productReference = F7CCDB6C28DAB6870006D490 /* UnitTesting.app */;
			productType = "com.apple.product-type.application";
		};
		F7CCDB8128DAB68A0006D490 /* UnitTestingTests */ = {
			isa = PBXNativeTarget;
			buildConfigurationList = F7CCDB9928DAB68A0006D490 /* Build configuration list for PBXNativeTarget "UnitTestingTests" */;
			buildPhases = (
				F7CCDB7E28DAB68A0006D490 /* Sources */,
				F7CCDB7F28DAB68A0006D490 /* Frameworks */,
				F7CCDB8028DAB68A0006D490 /* Resources */,
			);
			buildRules = (
			);
			dependencies = (
				F7CCDB8428DAB68A0006D490 /* PBXTargetDependency */,
			);
			name = UnitTestingTests;
			productName = UnitTestingTests;
			productReference = F7CCDB8228DAB68A0006D490 /* UnitTestingTests.xctest */;
			productType = "com.apple.product-type.bundle.unit-test";
		};
		F7CCDB8B28DAB68A0006D490 /* UnitTestingUITests */ = {
			isa = PBXNativeTarget;
			buildConfigurationList = F7CCDB9C28DAB68A0006D490 /* Build configuration list for PBXNativeTarget "UnitTestingUITests" */;
			buildPhases = (
				F7CCDB8828DAB68A0006D490 /* Sources */,
				F7CCDB8928DAB68A0006D490 /* Frameworks */,
				F7CCDB8A28DAB68A0006D490 /* Resources */,
			);
			buildRules = (
			);
			dependencies = (
				F7CCDB8E28DAB68A0006D490 /* PBXTargetDependency */,
			);
			name = UnitTestingUITests;
			productName = UnitTestingUITests;
			productReference = F7CCDB8C28DAB68A0006D490 /* UnitTestingUITests.xctest */;
			productType = "com.apple.product-type.bundle.ui-testing";
		};
		F7CCDBA228DAB6D20006D490 /* EmptyWindowTests */ = {
			isa = PBXNativeTarget;
			buildConfigurationList = F7CCDBA928DAB6D20006D490 /* Build configuration list for PBXNativeTarget "EmptyWindowTests" */;
			buildPhases = (
				F7CCDB9F28DAB6D20006D490 /* Sources */,
				F7CCDBA028DAB6D20006D490 /* Frameworks */,
				F7CCDBA128DAB6D20006D490 /* Resources */,
			);
			buildRules = (
			);
			dependencies = (
				F7CCDBA828DAB6D20006D490 /* PBXTargetDependency */,
			);
			name = EmptyWindowTests;
			productName = EmptyWindowTests;
			productReference = F7CCDBA328DAB6D20006D490 /* EmptyWindowTests.xctest */;
			productType = "com.apple.product-type.bundle.unit-test";
		};
/* End PBXNativeTarget section */

/* Begin PBXProject section */
		F7CCDB6428DAB6870006D490 /* Project object */ = {
			isa = PBXProject;
			attributes = {
				BuildIndependentTargetsInParallel = 1;
				LastSwiftUpdateCheck = 1400;
				LastUpgradeCheck = 1400;
				TargetAttributes = {
					F7CCDB6B28DAB6870006D490 = {
						CreatedOnToolsVersion = 14.0;
					};
					F7CCDB8128DAB68A0006D490 = {
						CreatedOnToolsVersion = 14.0;
						TestTargetID = F7CCDB6B28DAB6870006D490;
					};
					F7CCDB8B28DAB68A0006D490 = {
						CreatedOnToolsVersion = 14.0;
						TestTargetID = F7CCDB6B28DAB6870006D490;
					};
					F7CCDBA228DAB6D20006D490 = {
						CreatedOnToolsVersion = 14.0;
						TestTargetID = F7CCDB6B28DAB6870006D490;
					};
				};
			};
			buildConfigurationList = F7CCDB6728DAB6870006D490 /* Build configuration list for PBXProject "UnitTesting" */;
			compatibilityVersion = "Xcode 14.0";
			developmentRegion = en;
			hasScannedForEncodings = 0;
			knownRegions = (
				en,
				Base,
			);
			mainGroup = F7CCDB6328DAB6870006D490;
			productRefGroup = F7CCDB6D28DAB6870006D490 /* Products */;
			projectDirPath = "";
			projectRoot = "";
			targets = (
				F7CCDB6B28DAB6870006D490 /* UnitTesting */,
				F7CCDB8128DAB68A0006D490 /* UnitTestingTests */,
				F7CCDB8B28DAB68A0006D490 /* UnitTestingUITests */,
				F7CCDBA228DAB6D20006D490 /* EmptyWindowTests */,
			);
		};
/* End PBXProject section */

/* Begin PBXResourcesBuildPhase section */
		F7CCDB6A28DAB6870006D490 /* Resources */ = {
			isa = PBXResourcesBuildPhase;
			buildActionMask = 2147483647;
			files = (
				F7CCDB7C28DAB68A0006D490 /* LaunchScreen.storyboard in Resources */,
				F7CCDB7928DAB68A0006D490 /* Assets.xcassets in Resources */,
				F7CCDB7728DAB6870006D490 /* Main.storyboard in Resources */,
			);
			runOnlyForDeploymentPostprocessing = 0;
		};
		F7CCDB8028DAB68A0006D490 /* Resources */ = {
			isa = PBXResourcesBuildPhase;
			buildActionMask = 2147483647;
			files = (
			);
			runOnlyForDeploymentPostprocessing = 0;
		};
		F7CCDB8A28DAB68A0006D490 /* Resources */ = {
			isa = PBXResourcesBuildPhase;
			buildActionMask = 2147483647;
			files = (
			);
			runOnlyForDeploymentPostprocessing = 0;
		};
		F7CCDBA128DAB6D20006D490 /* Resources */ = {
			isa = PBXResourcesBuildPhase;
			buildActionMask = 2147483647;
			files = (
			);
			runOnlyForDeploymentPostprocessing = 0;
		};
/* End PBXResourcesBuildPhase section */

/* Begin PBXSourcesBuildPhase section */
		F7CCDB6828DAB6870006D490 /* Sources */ = {
			isa = PBXSourcesBuildPhase;
			buildActionMask = 2147483647;
			files = (
				F7CCDB7428DAB6870006D490 /* ViewController.swift in Sources */,
				F7CCDB7028DAB6870006D490 /* AppDelegate.swift in Sources */,
				F7CCDB7228DAB6870006D490 /* SceneDelegate.swift in Sources */,
			);
			runOnlyForDeploymentPostprocessing = 0;
		};
		F7CCDB7E28DAB68A0006D490 /* Sources */ = {
			isa = PBXSourcesBuildPhase;
			buildActionMask = 2147483647;
			files = (
				F7CCDB8728DAB68A0006D490 /* UnitTestingTests.swift in Sources */,
			);
			runOnlyForDeploymentPostprocessing = 0;
		};
		F7CCDB8828DAB68A0006D490 /* Sources */ = {
			isa = PBXSourcesBuildPhase;
			buildActionMask = 2147483647;
			files = (
				F7CCDB9128DAB68A0006D490 /* UnitTestingUITests.swift in Sources */,
				F7CCDB9328DAB68A0006D490 /* UnitTestingUITestsLaunchTests.swift in Sources */,
			);
			runOnlyForDeploymentPostprocessing = 0;
		};
		F7CCDB9F28DAB6D20006D490 /* Sources */ = {
			isa = PBXSourcesBuildPhase;
			buildActionMask = 2147483647;
			files = (
				F7CCDBA628DAB6D20006D490 /* EmptyWindowTests.swift in Sources */,
			);
			runOnlyForDeploymentPostprocessing = 0;
		};
/* End PBXSourcesBuildPhase section */

/* Begin PBXTargetDependency section */
		F7CCDB8428DAB68A0006D490 /* PBXTargetDependency */ = {
			isa = PBXTargetDependency;
			target = F7CCDB6B28DAB6870006D490 /* UnitTesting */;
			targetProxy = F7CCDB8328DAB68A0006D490 /* PBXContainerItemProxy */;
		};
		F7CCDB8E28DAB68A0006D490 /* PBXTargetDependency */ = {
			isa = PBXTargetDependency;
			target = F7CCDB6B28DAB6870006D490 /* UnitTesting */;
			targetProxy = F7CCDB8D28DAB68A0006D490 /* PBXContainerItemProxy */;
		};
		F7CCDBA828DAB6D20006D490 /* PBXTargetDependency */ = {
			isa = PBXTargetDependency;
			target = F7CCDB6B28DAB6870006D490 /* UnitTesting */;
			targetProxy = F7CCDBA728DAB6D20006D490 /* PBXContainerItemProxy */;
		};
/* End PBXTargetDependency section */

/* Begin PBXVariantGroup section */
		F7CCDB7528DAB6870006D490 /* Main.storyboard */ = {
			isa = PBXVariantGroup;
			children = (
				F7CCDB7628DAB6870006D490 /* Base */,
			);
			name = Main.storyboard;
			sourceTree = "<group>";
		};
		F7CCDB7A28DAB68A0006D490 /* LaunchScreen.storyboard */ = {
			isa = PBXVariantGroup;
			children = (
				F7CCDB7B28DAB68A0006D490 /* Base */,
			);
			name = LaunchScreen.storyboard;
			sourceTree = "<group>";
		};
/* End PBXVariantGroup section */

/* Begin XCBuildConfiguration section */
		F7CCDB9428DAB68A0006D490 /* Debug */ = {
			isa = XCBuildConfiguration;
			buildSettings = {
				ALWAYS_SEARCH_USER_PATHS = NO;
				CLANG_ANALYZER_NONNULL = YES;
				CLANG_ANALYZER_NUMBER_OBJECT_CONVERSION = YES_AGGRESSIVE;
				CLANG_CXX_LANGUAGE_STANDARD = "gnu++20";
				CLANG_ENABLE_MODULES = YES;
				CLANG_ENABLE_OBJC_ARC = YES;
				CLANG_ENABLE_OBJC_WEAK = YES;
				CLANG_WARN_BLOCK_CAPTURE_AUTORELEASING = YES;
				CLANG_WARN_BOOL_CONVERSION = YES;
				CLANG_WARN_COMMA = YES;
				CLANG_WARN_CONSTANT_CONVERSION = YES;
				CLANG_WARN_DEPRECATED_OBJC_IMPLEMENTATIONS = YES;
				CLANG_WARN_DIRECT_OBJC_ISA_USAGE = YES_ERROR;
				CLANG_WARN_DOCUMENTATION_COMMENTS = YES;
				CLANG_WARN_EMPTY_BODY = YES;
				CLANG_WARN_ENUM_CONVERSION = YES;
				CLANG_WARN_INFINITE_RECURSION = YES;
				CLANG_WARN_INT_CONVERSION = YES;
				CLANG_WARN_NON_LITERAL_NULL_CONVERSION = YES;
				CLANG_WARN_OBJC_IMPLICIT_RETAIN_SELF = YES;
				CLANG_WARN_OBJC_LITERAL_CONVERSION = YES;
				CLANG_WARN_OBJC_ROOT_CLASS = YES_ERROR;
				CLANG_WARN_QUOTED_INCLUDE_IN_FRAMEWORK_HEADER = YES;
				CLANG_WARN_RANGE_LOOP_ANALYSIS = YES;
				CLANG_WARN_STRICT_PROTOTYPES = YES;
				CLANG_WARN_SUSPICIOUS_MOVE = YES;
				CLANG_WARN_UNGUARDED_AVAILABILITY = YES_AGGRESSIVE;
				CLANG_WARN_UNREACHABLE_CODE = YES;
				CLANG_WARN__DUPLICATE_METHOD_MATCH = YES;
				COPY_PHASE_STRIP = NO;
				DEBUG_INFORMATION_FORMAT = dwarf;
				ENABLE_STRICT_OBJC_MSGSEND = YES;
				ENABLE_TESTABILITY = YES;
				GCC_C_LANGUAGE_STANDARD = gnu11;
				GCC_DYNAMIC_NO_PIC = NO;
				GCC_NO_COMMON_BLOCKS = YES;
				GCC_OPTIMIZATION_LEVEL = 0;
				GCC_PREPROCESSOR_DEFINITIONS = (
					"DEBUG=1",
					"$(inherited)",
				);
				GCC_WARN_64_TO_32_BIT_CONVERSION = YES;
				GCC_WARN_ABOUT_RETURN_TYPE = YES_ERROR;
				GCC_WARN_UNDECLARED_SELECTOR = YES;
				GCC_WARN_UNINITIALIZED_AUTOS = YES_AGGRESSIVE;
				GCC_WARN_UNUSED_FUNCTION = YES;
				GCC_WARN_UNUSED_VARIABLE = YES;
				IPHONEOS_DEPLOYMENT_TARGET = 16.0;
				MTL_ENABLE_DEBUG_INFO = INCLUDE_SOURCE;
				MTL_FAST_MATH = YES;
				ONLY_ACTIVE_ARCH = YES;
				SDKROOT = iphoneos;
				SWIFT_ACTIVE_COMPILATION_CONDITIONS = DEBUG;
				SWIFT_OPTIMIZATION_LEVEL = "-Onone";
			};
			name = Debug;
		};
		F7CCDB9528DAB68A0006D490 /* Release */ = {
			isa = XCBuildConfiguration;
			buildSettings = {
				ALWAYS_SEARCH_USER_PATHS = NO;
				CLANG_ANALYZER_NONNULL = YES;
				CLANG_ANALYZER_NUMBER_OBJECT_CONVERSION = YES_AGGRESSIVE;
				CLANG_CXX_LANGUAGE_STANDARD = "gnu++20";
				CLANG_ENABLE_MODULES = YES;
				CLANG_ENABLE_OBJC_ARC = YES;
				CLANG_ENABLE_OBJC_WEAK = YES;
				CLANG_WARN_BLOCK_CAPTURE_AUTORELEASING = YES;
				CLANG_WARN_BOOL_CONVERSION = YES;
				CLANG_WARN_COMMA = YES;
				CLANG_WARN_CONSTANT_CONVERSION = YES;
				CLANG_WARN_DEPRECATED_OBJC_IMPLEMENTATIONS = YES;
				CLANG_WARN_DIRECT_OBJC_ISA_USAGE = YES_ERROR;
				CLANG_WARN_DOCUMENTATION_COMMENTS = YES;
				CLANG_WARN_EMPTY_BODY = YES;
				CLANG_WARN_ENUM_CONVERSION = YES;
				CLANG_WARN_INFINITE_RECURSION = YES;
				CLANG_WARN_INT_CONVERSION = YES;
				CLANG_WARN_NON_LITERAL_NULL_CONVERSION = YES;
				CLANG_WARN_OBJC_IMPLICIT_RETAIN_SELF = YES;
				CLANG_WARN_OBJC_LITERAL_CONVERSION = YES;
				CLANG_WARN_OBJC_ROOT_CLASS = YES_ERROR;
				CLANG_WARN_QUOTED_INCLUDE_IN_FRAMEWORK_HEADER = YES;
				CLANG_WARN_RANGE_LOOP_ANALYSIS = YES;
				CLANG_WARN_STRICT_PROTOTYPES = YES;
				CLANG_WARN_SUSPICIOUS_MOVE = YES;
				CLANG_WARN_UNGUARDED_AVAILABILITY = YES_AGGRESSIVE;
				CLANG_WARN_UNREACHABLE_CODE = YES;
				CLANG_WARN__DUPLICATE_METHOD_MATCH = YES;
				COPY_PHASE_STRIP = NO;
				DEBUG_INFORMATION_FORMAT = "dwarf-with-dsym";
				ENABLE_NS_ASSERTIONS = NO;
				ENABLE_STRICT_OBJC_MSGSEND = YES;
				GCC_C_LANGUAGE_STANDARD = gnu11;
				GCC_NO_COMMON_BLOCKS = YES;
				GCC_WARN_64_TO_32_BIT_CONVERSION = YES;
				GCC_WARN_ABOUT_RETURN_TYPE = YES_ERROR;
				GCC_WARN_UNDECLARED_SELECTOR = YES;
				GCC_WARN_UNINITIALIZED_AUTOS = YES_AGGRESSIVE;
				GCC_WARN_UNUSED_FUNCTION = YES;
				GCC_WARN_UNUSED_VARIABLE = YES;
				IPHONEOS_DEPLOYMENT_TARGET = 16.0;
				MTL_ENABLE_DEBUG_INFO = NO;
				MTL_FAST_MATH = YES;
				SDKROOT = iphoneos;
				SWIFT_COMPILATION_MODE = wholemodule;
				SWIFT_OPTIMIZATION_LEVEL = "-O";
				VALIDATE_PRODUCT = YES;
			};
			name = Release;
		};
		F7CCDB9728DAB68A0006D490 /* Debug */ = {
			isa = XCBuildConfiguration;
			buildSettings = {
				ASSETCATALOG_COMPILER_APPICON_NAME = AppIcon;
				ASSETCATALOG_COMPILER_GLOBAL_ACCENT_COLOR_NAME = AccentColor;
				CODE_SIGN_STYLE = Automatic;
				CURRENT_PROJECT_VERSION = 1;
				DEVELOPMENT_TEAM = RDA574N926;
				GENERATE_INFOPLIST_FILE = YES;
				INFOPLIST_FILE = UnitTesting/Info.plist;
				INFOPLIST_KEY_UIApplicationSupportsIndirectInputEvents = YES;
				INFOPLIST_KEY_UILaunchStoryboardName = LaunchScreen;
				INFOPLIST_KEY_UIMainStoryboardFile = Main;
				INFOPLIST_KEY_UISupportedInterfaceOrientations_iPad = "UIInterfaceOrientationPortrait UIInterfaceOrientationPortraitUpsideDown UIInterfaceOrientationLandscapeLeft UIInterfaceOrientationLandscapeRight";
				INFOPLIST_KEY_UISupportedInterfaceOrientations_iPhone = "UIInterfaceOrientationPortrait UIInterfaceOrientationLandscapeLeft UIInterfaceOrientationLandscapeRight";
				LD_RUNPATH_SEARCH_PATHS = (
					"$(inherited)",
					"@executable_path/Frameworks",
				);
				MARKETING_VERSION = 1.0;
				PRODUCT_BUNDLE_IDENTIFIER = com.patriciafiona.UnitTesting;
				PRODUCT_NAME = "$(TARGET_NAME)";
				SWIFT_EMIT_LOC_STRINGS = YES;
				SWIFT_VERSION = 5.0;
				TARGETED_DEVICE_FAMILY = "1,2";
			};
			name = Debug;
		};
		F7CCDB9828DAB68A0006D490 /* Release */ = {
			isa = XCBuildConfiguration;
			buildSettings = {
				ASSETCATALOG_COMPILER_APPICON_NAME = AppIcon;
				ASSETCATALOG_COMPILER_GLOBAL_ACCENT_COLOR_NAME = AccentColor;
				CODE_SIGN_STYLE = Automatic;
				CURRENT_PROJECT_VERSION = 1;
				DEVELOPMENT_TEAM = RDA574N926;
				GENERATE_INFOPLIST_FILE = YES;
				INFOPLIST_FILE = UnitTesting/Info.plist;
				INFOPLIST_KEY_UIApplicationSupportsIndirectInputEvents = YES;
				INFOPLIST_KEY_UILaunchStoryboardName = LaunchScreen;
				INFOPLIST_KEY_UIMainStoryboardFile = Main;
				INFOPLIST_KEY_UISupportedInterfaceOrientations_iPad = "UIInterfaceOrientationPortrait UIInterfaceOrientationPortraitUpsideDown UIInterfaceOrientationLandscapeLeft UIInterfaceOrientationLandscapeRight";
				INFOPLIST_KEY_UISupportedInterfaceOrientations_iPhone = "UIInterfaceOrientationPortrait UIInterfaceOrientationLandscapeLeft UIInterfaceOrientationLandscapeRight";
				LD_RUNPATH_SEARCH_PATHS = (
					"$(inherited)",
					"@executable_path/Frameworks",
				);
				MARKETING_VERSION = 1.0;
				PRODUCT_BUNDLE_IDENTIFIER = com.patriciafiona.UnitTesting;
				PRODUCT_NAME = "$(TARGET_NAME)";
				SWIFT_EMIT_LOC_STRINGS = YES;
				SWIFT_VERSION = 5.0;
				TARGETED_DEVICE_FAMILY = "1,2";
			};
			name = Release;
		};
		F7CCDB9A28DAB68A0006D490 /* Debug */ = {
			isa = XCBuildConfiguration;
			buildSettings = {
				ALWAYS_EMBED_SWIFT_STANDARD_LIBRARIES = YES;
				BUNDLE_LOADER = "$(TEST_HOST)";
				CODE_SIGN_STYLE = Automatic;
				CURRENT_PROJECT_VERSION = 1;
				DEVELOPMENT_TEAM = RDA574N926;
				GENERATE_INFOPLIST_FILE = YES;
				IPHONEOS_DEPLOYMENT_TARGET = 16.0;
				MARKETING_VERSION = 1.0;
				PRODUCT_BUNDLE_IDENTIFIER = com.patriciafiona.UnitTestingTests;
				PRODUCT_NAME = "$(TARGET_NAME)";
				SWIFT_EMIT_LOC_STRINGS = NO;
				SWIFT_VERSION = 5.0;
				TARGETED_DEVICE_FAMILY = "1,2";
				TEST_HOST = "$(BUILT_PRODUCTS_DIR)/UnitTesting.app/$(BUNDLE_EXECUTABLE_FOLDER_PATH)/UnitTesting";
			};
			name = Debug;
		};
		F7CCDB9B28DAB68A0006D490 /* Release */ = {
			isa = XCBuildConfiguration;
			buildSettings = {
				ALWAYS_EMBED_SWIFT_STANDARD_LIBRARIES = YES;
				BUNDLE_LOADER = "$(TEST_HOST)";
				CODE_SIGN_STYLE = Automatic;
				CURRENT_PROJECT_VERSION = 1;
				DEVELOPMENT_TEAM = RDA574N926;
				GENERATE_INFOPLIST_FILE = YES;
				IPHONEOS_DEPLOYMENT_TARGET = 16.0;
				MARKETING_VERSION = 1.0;
				PRODUCT_BUNDLE_IDENTIFIER = com.patriciafiona.UnitTestingTests;
				PRODUCT_NAME = "$(TARGET_NAME)";
				SWIFT_EMIT_LOC_STRINGS = NO;
				SWIFT_VERSION = 5.0;
				TARGETED_DEVICE_FAMILY = "1,2";
				TEST_HOST = "$(BUILT_PRODUCTS_DIR)/UnitTesting.app/$(BUNDLE_EXECUTABLE_FOLDER_PATH)/UnitTesting";
			};
			name = Release;
		};
		F7CCDB9D28DAB68A0006D490 /* Debug */ = {
			isa = XCBuildConfiguration;
			buildSettings = {
				ALWAYS_EMBED_SWIFT_STANDARD_LIBRARIES = YES;
				CODE_SIGN_STYLE = Automatic;
				CURRENT_PROJECT_VERSION = 1;
				DEVELOPMENT_TEAM = RDA574N926;
				GENERATE_INFOPLIST_FILE = YES;
				MARKETING_VERSION = 1.0;
				PRODUCT_BUNDLE_IDENTIFIER = com.patriciafiona.UnitTestingUITests;
				PRODUCT_NAME = "$(TARGET_NAME)";
				SWIFT_EMIT_LOC_STRINGS = NO;
				SWIFT_VERSION = 5.0;
				TARGETED_DEVICE_FAMILY = "1,2";
				TEST_TARGET_NAME = UnitTesting;
			};
			name = Debug;
		};
		F7CCDB9E28DAB68A0006D490 /* Release */ = {
			isa = XCBuildConfiguration;
			buildSettings = {
				ALWAYS_EMBED_SWIFT_STANDARD_LIBRARIES = YES;
				CODE_SIGN_STYLE = Automatic;
				CURRENT_PROJECT_VERSION = 1;
				DEVELOPMENT_TEAM = RDA574N926;
				GENERATE_INFOPLIST_FILE = YES;
				MARKETING_VERSION = 1.0;
				PRODUCT_BUNDLE_IDENTIFIER = com.patriciafiona.UnitTestingUITests;
				PRODUCT_NAME = "$(TARGET_NAME)";
				SWIFT_EMIT_LOC_STRINGS = NO;
				SWIFT_VERSION = 5.0;
				TARGETED_DEVICE_FAMILY = "1,2";
				TEST_TARGET_NAME = UnitTesting;
			};
			name = Release;
		};
		F7CCDBAA28DAB6D20006D490 /* Debug */ = {
			isa = XCBuildConfiguration;
			buildSettings = {
				BUNDLE_LOADER = "$(TEST_HOST)";
				CODE_SIGN_STYLE = Automatic;
				CURRENT_PROJECT_VERSION = 1;
				DEVELOPMENT_TEAM = RDA574N926;
				GENERATE_INFOPLIST_FILE = YES;
				MARKETING_VERSION = 1.0;
				PRODUCT_BUNDLE_IDENTIFIER = com.patriciafiona.EmptyWindowTests;
				PRODUCT_NAME = "$(TARGET_NAME)";
				SWIFT_EMIT_LOC_STRINGS = NO;
				SWIFT_VERSION = 5.0;
				TARGETED_DEVICE_FAMILY = "1,2";
				TEST_HOST = "$(BUILT_PRODUCTS_DIR)/UnitTesting.app/$(BUNDLE_EXECUTABLE_FOLDER_PATH)/UnitTesting";
			};
			name = Debug;
		};
		F7CCDBAB28DAB6D20006D490 /* Release */ = {
			isa = XCBuildConfiguration;
			buildSettings = {
				BUNDLE_LOADER = "$(TEST_HOST)";
				CODE_SIGN_STYLE = Automatic;
				CURRENT_PROJECT_VERSION = 1;
				DEVELOPMENT_TEAM = RDA574N926;
				GENERATE_INFOPLIST_FILE = YES;
				MARKETING_VERSION = 1.0;
				PRODUCT_BUNDLE_IDENTIFIER = com.patriciafiona.EmptyWindowTests;
				PRODUCT_NAME = "$(TARGET_NAME)";
				SWIFT_EMIT_LOC_STRINGS = NO;
				SWIFT_VERSION = 5.0;
				TARGETED_DEVICE_FAMILY = "1,2";
				TEST_HOST = "$(BUILT_PRODUCTS_DIR)/UnitTesting.app/$(BUNDLE_EXECUTABLE_FOLDER_PATH)/UnitTesting";
			};
			name = Release;
		};
/* End XCBuildConfiguration section */

/* Begin XCConfigurationList section */
		F7CCDB6728DAB6870006D490 /* Build configuration list for PBXProject "UnitTesting" */ = {
			isa = XCConfigurationList;
			buildConfigurations = (
				F7CCDB9428DAB68A0006D490 /* Debug */,
				F7CCDB9528DAB68A0006D490 /* Release */,
			);
			defaultConfigurationIsVisible = 0;
			defaultConfigurationName = Release;
		};
		F7CCDB9628DAB68A0006D490 /* Build configuration list for PBXNativeTarget "UnitTesting" */ = {
			isa = XCConfigurationList;
			buildConfigurations = (
				F7CCDB9728DAB68A0006D490 /* Debug */,
				F7CCDB9828DAB68A0006D490 /* Release */,
			);
			defaultConfigurationIsVisible = 0;
			defaultConfigurationName = Release;
		};
		F7CCDB9928DAB68A0006D490 /* Build configuration list for PBXNativeTarget "UnitTestingTests" */ = {
			isa = XCConfigurationList;
			buildConfigurations = (
				F7CCDB9A28DAB68A0006D490 /* Debug */,
				F7CCDB9B28DAB68A0006D490 /* Release */,
			);
			defaultConfigurationIsVisible = 0;
			defaultConfigurationName = Release;
		};
		F7CCDB9C28DAB68A0006D490 /* Build configuration list for PBXNativeTarget "UnitTestingUITests" */ = {
			isa = XCConfigurationList;
			buildConfigurations = (
				F7CCDB9D28DAB68A0006D490 /* Debug */,
				F7CCDB9E28DAB68A0006D490 /* Release */,
			);
			defaultConfigurationIsVisible = 0;
			defaultConfigurationName = Release;
		};
		F7CCDBA928DAB6D20006D490 /* Build configuration list for PBXNativeTarget "EmptyWindowTests" */ = {
			isa = XCConfigurationList;
			buildConfigurations = (
				F7CCDBAA28DAB6D20006D490 /* Debug */,
				F7CCDBAB28DAB6D20006D490 /* Release */,
			);
			defaultConfigurationIsVisible = 0;
			defaultConfigurationName = Release;
		};
/* End XCConfigurationList section */
	};
	rootObject = F7CCDB6428DAB6870006D490 /* Project object */;
}
