// !$*UTF8*$!
{
	archiveVersion = 1;
	classes = {
	};
	objectVersion = 55;
	objects = {

/* Begin PBXBuildFile section */
		F75C83A528CCB7AA00B4056B /* AppDelegate.swift in Sources */ = {isa = PBXBuildFile; fileRef = F75C83A428CCB7AA00B4056B /* AppDelegate.swift */; };
		F75C83A728CCB7AA00B4056B /* SceneDelegate.swift in Sources */ = {isa = PBXBuildFile; fileRef = F75C83A628CCB7AA00B4056B /* SceneDelegate.swift */; };
		F75C83A928CCB7AA00B4056B /* MainViewController.swift in Sources */ = {isa = PBXBuildFile; fileRef = F75C83A828CCB7AA00B4056B /* MainViewController.swift */; };
		F75C83AC28CCB7AA00B4056B /* Main.storyboard in Resources */ = {isa = PBXBuildFile; fileRef = F75C83AA28CCB7AA00B4056B /* Main.storyboard */; };
		F75C83AE28CCB7AC00B4056B /* Assets.xcassets in Resources */ = {isa = PBXBuildFile; fileRef = F75C83AD28CCB7AC00B4056B /* Assets.xcassets */; };
		F75C83B128CCB7AC00B4056B /* LaunchScreen.storyboard in Resources */ = {isa = PBXBuildFile; fileRef = F75C83AF28CCB7AC00B4056B /* LaunchScreen.storyboard */; };
		F75C83BC28CCB7AC00B4056B /* LatihanDownloadTaskTests.swift in Sources */ = {isa = PBXBuildFile; fileRef = F75C83BB28CCB7AC00B4056B /* LatihanDownloadTaskTests.swift */; };
		F75C83C628CCB7AC00B4056B /* LatihanDownloadTaskUITests.swift in Sources */ = {isa = PBXBuildFile; fileRef = F75C83C528CCB7AC00B4056B /* LatihanDownloadTaskUITests.swift */; };
		F75C83C828CCB7AC00B4056B /* LatihanDownloadTaskUITestsLaunchTests.swift in Sources */ = {isa = PBXBuildFile; fileRef = F75C83C728CCB7AC00B4056B /* LatihanDownloadTaskUITestsLaunchTests.swift */; };
		F75C83D928CCD46600B4056B /* DownloadManager.swift in Sources */ = {isa = PBXBuildFile; fileRef = F75C83D828CCD46600B4056B /* DownloadManager.swift */; };
/* End PBXBuildFile section */

/* Begin PBXContainerItemProxy section */
		F75C83B828CCB7AC00B4056B /* PBXContainerItemProxy */ = {
			isa = PBXContainerItemProxy;
			containerPortal = F75C839928CCB7AA00B4056B /* Project object */;
			proxyType = 1;
			remoteGlobalIDString = F75C83A028CCB7AA00B4056B;
			remoteInfo = LatihanDownloadTask;
		};
		F75C83C228CCB7AC00B4056B /* PBXContainerItemProxy */ = {
			isa = PBXContainerItemProxy;
			containerPortal = F75C839928CCB7AA00B4056B /* Project object */;
			proxyType = 1;
			remoteGlobalIDString = F75C83A028CCB7AA00B4056B;
			remoteInfo = LatihanDownloadTask;
		};
/* End PBXContainerItemProxy section */

/* Begin PBXFileReference section */
		F75C83A128CCB7AA00B4056B /* LatihanDownloadTask.app */ = {isa = PBXFileReference; explicitFileType = wrapper.application; includeInIndex = 0; path = LatihanDownloadTask.app; sourceTree = BUILT_PRODUCTS_DIR; };
		F75C83A428CCB7AA00B4056B /* AppDelegate.swift */ = {isa = PBXFileReference; lastKnownFileType = sourcecode.swift; path = AppDelegate.swift; sourceTree = "<group>"; };
		F75C83A628CCB7AA00B4056B /* SceneDelegate.swift */ = {isa = PBXFileReference; lastKnownFileType = sourcecode.swift; path = SceneDelegate.swift; sourceTree = "<group>"; };
		F75C83A828CCB7AA00B4056B /* MainViewController.swift */ = {isa = PBXFileReference; lastKnownFileType = sourcecode.swift; path = MainViewController.swift; sourceTree = "<group>"; };
		F75C83AB28CCB7AA00B4056B /* Base */ = {isa = PBXFileReference; lastKnownFileType = file.storyboard; name = Base; path = Base.lproj/Main.storyboard; sourceTree = "<group>"; };
		F75C83AD28CCB7AC00B4056B /* Assets.xcassets */ = {isa = PBXFileReference; lastKnownFileType = folder.assetcatalog; path = Assets.xcassets; sourceTree = "<group>"; };
		F75C83B028CCB7AC00B4056B /* Base */ = {isa = PBXFileReference; lastKnownFileType = file.storyboard; name = Base; path = Base.lproj/LaunchScreen.storyboard; sourceTree = "<group>"; };
		F75C83B228CCB7AC00B4056B /* Info.plist */ = {isa = PBXFileReference; lastKnownFileType = text.plist.xml; path = Info.plist; sourceTree = "<group>"; };
		F75C83B728CCB7AC00B4056B /* LatihanDownloadTaskTests.xctest */ = {isa = PBXFileReference; explicitFileType = wrapper.cfbundle; includeInIndex = 0; path = LatihanDownloadTaskTests.xctest; sourceTree = BUILT_PRODUCTS_DIR; };
		F75C83BB28CCB7AC00B4056B /* LatihanDownloadTaskTests.swift */ = {isa = PBXFileReference; lastKnownFileType = sourcecode.swift; path = LatihanDownloadTaskTests.swift; sourceTree = "<group>"; };
		F75C83C128CCB7AC00B4056B /* LatihanDownloadTaskUITests.xctest */ = {isa = PBXFileReference; explicitFileType = wrapper.cfbundle; includeInIndex = 0; path = LatihanDownloadTaskUITests.xctest; sourceTree = BUILT_PRODUCTS_DIR; };
		F75C83C528CCB7AC00B4056B /* LatihanDownloadTaskUITests.swift */ = {isa = PBXFileReference; lastKnownFileType = sourcecode.swift; path = LatihanDownloadTaskUITests.swift; sourceTree = "<group>"; };
		F75C83C728CCB7AC00B4056B /* LatihanDownloadTaskUITestsLaunchTests.swift */ = {isa = PBXFileReference; lastKnownFileType = sourcecode.swift; path = LatihanDownloadTaskUITestsLaunchTests.swift; sourceTree = "<group>"; };
		F75C83D828CCD46600B4056B /* DownloadManager.swift */ = {isa = PBXFileReference; lastKnownFileType = sourcecode.swift; path = DownloadManager.swift; sourceTree = "<group>"; };
/* End PBXFileReference section */

/* Begin PBXFrameworksBuildPhase section */
		F75C839E28CCB7AA00B4056B /* Frameworks */ = {
			isa = PBXFrameworksBuildPhase;
			buildActionMask = 2147483647;
			files = (
			);
			runOnlyForDeploymentPostprocessing = 0;
		};
		F75C83B428CCB7AC00B4056B /* Frameworks */ = {
			isa = PBXFrameworksBuildPhase;
			buildActionMask = 2147483647;
			files = (
			);
			runOnlyForDeploymentPostprocessing = 0;
		};
		F75C83BE28CCB7AC00B4056B /* Frameworks */ = {
			isa = PBXFrameworksBuildPhase;
			buildActionMask = 2147483647;
			files = (
			);
			runOnlyForDeploymentPostprocessing = 0;
		};
/* End PBXFrameworksBuildPhase section */

/* Begin PBXGroup section */
		F75C839828CCB7AA00B4056B = {
			isa = PBXGroup;
			children = (
				F75C83A328CCB7AA00B4056B /* LatihanDownloadTask */,
				F75C83BA28CCB7AC00B4056B /* LatihanDownloadTaskTests */,
				F75C83C428CCB7AC00B4056B /* LatihanDownloadTaskUITests */,
				F75C83A228CCB7AA00B4056B /* Products */,
			);
			sourceTree = "<group>";
		};
		F75C83A228CCB7AA00B4056B /* Products */ = {
			isa = PBXGroup;
			children = (
				F75C83A128CCB7AA00B4056B /* LatihanDownloadTask.app */,
				F75C83B728CCB7AC00B4056B /* LatihanDownloadTaskTests.xctest */,
				F75C83C128CCB7AC00B4056B /* LatihanDownloadTaskUITests.xctest */,
			);
			name = Products;
			sourceTree = "<group>";
		};
		F75C83A328CCB7AA00B4056B /* LatihanDownloadTask */ = {
			isa = PBXGroup;
			children = (
				F75C83D428CCB7CD00B4056B /* Based */,
				F75C83D628CCB7E100B4056B /* Model */,
				F75C83D728CCB7E500B4056B /* Controller */,
				F75C83D528CCB7D700B4056B /* View */,
				F75C83AD28CCB7AC00B4056B /* Assets.xcassets */,
				F75C83B228CCB7AC00B4056B /* Info.plist */,
			);
			path = LatihanDownloadTask;
			sourceTree = "<group>";
		};
		F75C83BA28CCB7AC00B4056B /* LatihanDownloadTaskTests */ = {
			isa = PBXGroup;
			children = (
				F75C83BB28CCB7AC00B4056B /* LatihanDownloadTaskTests.swift */,
			);
			path = LatihanDownloadTaskTests;
			sourceTree = "<group>";
		};
		F75C83C428CCB7AC00B4056B /* LatihanDownloadTaskUITests */ = {
			isa = PBXGroup;
			children = (
				F75C83C528CCB7AC00B4056B /* LatihanDownloadTaskUITests.swift */,
				F75C83C728CCB7AC00B4056B /* LatihanDownloadTaskUITestsLaunchTests.swift */,
			);
			path = LatihanDownloadTaskUITests;
			sourceTree = "<group>";
		};
		F75C83D428CCB7CD00B4056B /* Based */ = {
			isa = PBXGroup;
			children = (
				F75C83A428CCB7AA00B4056B /* AppDelegate.swift */,
				F75C83A628CCB7AA00B4056B /* SceneDelegate.swift */,
			);
			path = Based;
			sourceTree = "<group>";
		};
		F75C83D528CCB7D700B4056B /* View */ = {
			isa = PBXGroup;
			children = (
				F75C83AA28CCB7AA00B4056B /* Main.storyboard */,
				F75C83AF28CCB7AC00B4056B /* LaunchScreen.storyboard */,
			);
			path = View;
			sourceTree = "<group>";
		};
		F75C83D628CCB7E100B4056B /* Model */ = {
			isa = PBXGroup;
			children = (
			);
			path = Model;
			sourceTree = "<group>";
		};
		F75C83D728CCB7E500B4056B /* Controller */ = {
			isa = PBXGroup;
			children = (
				F75C83A828CCB7AA00B4056B /* MainViewController.swift */,
				F75C83D828CCD46600B4056B /* DownloadManager.swift */,
			);
			path = Controller;
			sourceTree = "<group>";
		};
/* End PBXGroup section */

/* Begin PBXNativeTarget section */
		F75C83A028CCB7AA00B4056B /* LatihanDownloadTask */ = {
			isa = PBXNativeTarget;
			buildConfigurationList = F75C83CB28CCB7AC00B4056B /* Build configuration list for PBXNativeTarget "LatihanDownloadTask" */;
			buildPhases = (
				F75C839D28CCB7AA00B4056B /* Sources */,
				F75C839E28CCB7AA00B4056B /* Frameworks */,
				F75C839F28CCB7AA00B4056B /* Resources */,
			);
			buildRules = (
			);
			dependencies = (
			);
			name = LatihanDownloadTask;
			productName = LatihanDownloadTask;
			productReference = F75C83A128CCB7AA00B4056B /* LatihanDownloadTask.app */;
			productType = "com.apple.product-type.application";
		};
		F75C83B628CCB7AC00B4056B /* LatihanDownloadTaskTests */ = {
			isa = PBXNativeTarget;
			buildConfigurationList = F75C83CE28CCB7AC00B4056B /* Build configuration list for PBXNativeTarget "LatihanDownloadTaskTests" */;
			buildPhases = (
				F75C83B328CCB7AC00B4056B /* Sources */,
				F75C83B428CCB7AC00B4056B /* Frameworks */,
				F75C83B528CCB7AC00B4056B /* Resources */,
			);
			buildRules = (
			);
			dependencies = (
				F75C83B928CCB7AC00B4056B /* PBXTargetDependency */,
			);
			name = LatihanDownloadTaskTests;
			productName = LatihanDownloadTaskTests;
			productReference = F75C83B728CCB7AC00B4056B /* LatihanDownloadTaskTests.xctest */;
			productType = "com.apple.product-type.bundle.unit-test";
		};
		F75C83C028CCB7AC00B4056B /* LatihanDownloadTaskUITests */ = {
			isa = PBXNativeTarget;
			buildConfigurationList = F75C83D128CCB7AC00B4056B /* Build configuration list for PBXNativeTarget "LatihanDownloadTaskUITests" */;
			buildPhases = (
				F75C83BD28CCB7AC00B4056B /* Sources */,
				F75C83BE28CCB7AC00B4056B /* Frameworks */,
				F75C83BF28CCB7AC00B4056B /* Resources */,
			);
			buildRules = (
			);
			dependencies = (
				F75C83C328CCB7AC00B4056B /* PBXTargetDependency */,
			);
			name = LatihanDownloadTaskUITests;
			productName = LatihanDownloadTaskUITests;
			productReference = F75C83C128CCB7AC00B4056B /* LatihanDownloadTaskUITests.xctest */;
			productType = "com.apple.product-type.bundle.ui-testing";
		};
/* End PBXNativeTarget section */

/* Begin PBXProject section */
		F75C839928CCB7AA00B4056B /* Project object */ = {
			isa = PBXProject;
			attributes = {
				BuildIndependentTargetsInParallel = 1;
				LastSwiftUpdateCheck = 1340;
				LastUpgradeCheck = 1340;
				TargetAttributes = {
					F75C83A028CCB7AA00B4056B = {
						CreatedOnToolsVersion = 13.4.1;
					};
					F75C83B628CCB7AC00B4056B = {
						CreatedOnToolsVersion = 13.4.1;
						TestTargetID = F75C83A028CCB7AA00B4056B;
					};
					F75C83C028CCB7AC00B4056B = {
						CreatedOnToolsVersion = 13.4.1;
						TestTargetID = F75C83A028CCB7AA00B4056B;
					};
				};
			};
			buildConfigurationList = F75C839C28CCB7AA00B4056B /* Build configuration list for PBXProject "LatihanDownloadTask" */;
			compatibilityVersion = "Xcode 13.0";
			developmentRegion = en;
			hasScannedForEncodings = 0;
			knownRegions = (
				en,
				Base,
			);
			mainGroup = F75C839828CCB7AA00B4056B;
			productRefGroup = F75C83A228CCB7AA00B4056B /* Products */;
			projectDirPath = "";
			projectRoot = "";
			targets = (
				F75C83A028CCB7AA00B4056B /* LatihanDownloadTask */,
				F75C83B628CCB7AC00B4056B /* LatihanDownloadTaskTests */,
				F75C83C028CCB7AC00B4056B /* LatihanDownloadTaskUITests */,
			);
		};
/* End PBXProject section */

/* Begin PBXResourcesBuildPhase section */
		F75C839F28CCB7AA00B4056B /* Resources */ = {
			isa = PBXResourcesBuildPhase;
			buildActionMask = 2147483647;
			files = (
				F75C83B128CCB7AC00B4056B /* LaunchScreen.storyboard in Resources */,
				F75C83AE28CCB7AC00B4056B /* Assets.xcassets in Resources */,
				F75C83AC28CCB7AA00B4056B /* Main.storyboard in Resources */,
			);
			runOnlyForDeploymentPostprocessing = 0;
		};
		F75C83B528CCB7AC00B4056B /* Resources */ = {
			isa = PBXResourcesBuildPhase;
			buildActionMask = 2147483647;
			files = (
			);
			runOnlyForDeploymentPostprocessing = 0;
		};
		F75C83BF28CCB7AC00B4056B /* Resources */ = {
			isa = PBXResourcesBuildPhase;
			buildActionMask = 2147483647;
			files = (
			);
			runOnlyForDeploymentPostprocessing = 0;
		};
/* End PBXResourcesBuildPhase section */

/* Begin PBXSourcesBuildPhase section */
		F75C839D28CCB7AA00B4056B /* Sources */ = {
			isa = PBXSourcesBuildPhase;
			buildActionMask = 2147483647;
			files = (
				F75C83A928CCB7AA00B4056B /* MainViewController.swift in Sources */,
				F75C83A528CCB7AA00B4056B /* AppDelegate.swift in Sources */,
				F75C83A728CCB7AA00B4056B /* SceneDelegate.swift in Sources */,
				F75C83D928CCD46600B4056B /* DownloadManager.swift in Sources */,
			);
			runOnlyForDeploymentPostprocessing = 0;
		};
		F75C83B328CCB7AC00B4056B /* Sources */ = {
			isa = PBXSourcesBuildPhase;
			buildActionMask = 2147483647;
			files = (
				F75C83BC28CCB7AC00B4056B /* LatihanDownloadTaskTests.swift in Sources */,
			);
			runOnlyForDeploymentPostprocessing = 0;
		};
		F75C83BD28CCB7AC00B4056B /* Sources */ = {
			isa = PBXSourcesBuildPhase;
			buildActionMask = 2147483647;
			files = (
				F75C83C628CCB7AC00B4056B /* LatihanDownloadTaskUITests.swift in Sources */,
				F75C83C828CCB7AC00B4056B /* LatihanDownloadTaskUITestsLaunchTests.swift in Sources */,
			);
			runOnlyForDeploymentPostprocessing = 0;
		};
/* End PBXSourcesBuildPhase section */

/* Begin PBXTargetDependency section */
		F75C83B928CCB7AC00B4056B /* PBXTargetDependency */ = {
			isa = PBXTargetDependency;
			target = F75C83A028CCB7AA00B4056B /* LatihanDownloadTask */;
			targetProxy = F75C83B828CCB7AC00B4056B /* PBXContainerItemProxy */;
		};
		F75C83C328CCB7AC00B4056B /* PBXTargetDependency */ = {
			isa = PBXTargetDependency;
			target = F75C83A028CCB7AA00B4056B /* LatihanDownloadTask */;
			targetProxy = F75C83C228CCB7AC00B4056B /* PBXContainerItemProxy */;
		};
/* End PBXTargetDependency section */

/* Begin PBXVariantGroup section */
		F75C83AA28CCB7AA00B4056B /* Main.storyboard */ = {
			isa = PBXVariantGroup;
			children = (
				F75C83AB28CCB7AA00B4056B /* Base */,
			);
			name = Main.storyboard;
			sourceTree = "<group>";
		};
		F75C83AF28CCB7AC00B4056B /* LaunchScreen.storyboard */ = {
			isa = PBXVariantGroup;
			children = (
				F75C83B028CCB7AC00B4056B /* Base */,
			);
			name = LaunchScreen.storyboard;
			sourceTree = "<group>";
		};
/* End PBXVariantGroup section */

/* Begin XCBuildConfiguration section */
		F75C83C928CCB7AC00B4056B /* Debug */ = {
			isa = XCBuildConfiguration;
			buildSettings = {
				ALWAYS_SEARCH_USER_PATHS = NO;
				CLANG_ANALYZER_NONNULL = YES;
				CLANG_ANALYZER_NUMBER_OBJECT_CONVERSION = YES_AGGRESSIVE;
				CLANG_CXX_LANGUAGE_STANDARD = "gnu++17";
				CLANG_ENABLE_MODULES = YES;
				CLANG_ENABLE_OBJC_ARC = YES;
				CLANG_ENABLE_OBJC_WEAK = YES;
				CLANG_WARN_BLOCK_CAPTURE_AUTORELEASING = YES;
				CLANG_WARN_BOOL_CONVERSION = YES;
				CLANG_WARN_COMMA = YES;
				CLANG_WARN_CONSTANT_CONVERSION = YES;
				CLANG_WARN_DEPRECATED_OBJC_IMPLEMENTATIONS = YES;
				CLANG_WARN_DIRECT_OBJC_ISA_USAGE = YES_ERROR;
				CLANG_WARN_DOCUMENTATION_COMMENTS = YES;
				CLANG_WARN_EMPTY_BODY = YES;
				CLANG_WARN_ENUM_CONVERSION = YES;
				CLANG_WARN_INFINITE_RECURSION = YES;
				CLANG_WARN_INT_CONVERSION = YES;
				CLANG_WARN_NON_LITERAL_NULL_CONVERSION = YES;
				CLANG_WARN_OBJC_IMPLICIT_RETAIN_SELF = YES;
				CLANG_WARN_OBJC_LITERAL_CONVERSION = YES;
				CLANG_WARN_OBJC_ROOT_CLASS = YES_ERROR;
				CLANG_WARN_QUOTED_INCLUDE_IN_FRAMEWORK_HEADER = YES;
				CLANG_WARN_RANGE_LOOP_ANALYSIS = YES;
				CLANG_WARN_STRICT_PROTOTYPES = YES;
				CLANG_WARN_SUSPICIOUS_MOVE = YES;
				CLANG_WARN_UNGUARDED_AVAILABILITY = YES_AGGRESSIVE;
				CLANG_WARN_UNREACHABLE_CODE = YES;
				CLANG_WARN__DUPLICATE_METHOD_MATCH = YES;
				COPY_PHASE_STRIP = NO;
				DEBUG_INFORMATION_FORMAT = dwarf;
				ENABLE_STRICT_OBJC_MSGSEND = YES;
				ENABLE_TESTABILITY = YES;
				GCC_C_LANGUAGE_STANDARD = gnu11;
				GCC_DYNAMIC_NO_PIC = NO;
				GCC_NO_COMMON_BLOCKS = YES;
				GCC_OPTIMIZATION_LEVEL = 0;
				GCC_PREPROCESSOR_DEFINITIONS = (
					"DEBUG=1",
					"$(inherited)",
				);
				GCC_WARN_64_TO_32_BIT_CONVERSION = YES;
				GCC_WARN_ABOUT_RETURN_TYPE = YES_ERROR;
				GCC_WARN_UNDECLARED_SELECTOR = YES;
				GCC_WARN_UNINITIALIZED_AUTOS = YES_AGGRESSIVE;
				GCC_WARN_UNUSED_FUNCTION = YES;
				GCC_WARN_UNUSED_VARIABLE = YES;
				IPHONEOS_DEPLOYMENT_TARGET = 15.5;
				MTL_ENABLE_DEBUG_INFO = INCLUDE_SOURCE;
				MTL_FAST_MATH = YES;
				ONLY_ACTIVE_ARCH = YES;
				SDKROOT = iphoneos;
				SWIFT_ACTIVE_COMPILATION_CONDITIONS = DEBUG;
				SWIFT_OPTIMIZATION_LEVEL = "-Onone";
			};
			name = Debug;
		};
		F75C83CA28CCB7AC00B4056B /* Release */ = {
			isa = XCBuildConfiguration;
			buildSettings = {
				ALWAYS_SEARCH_USER_PATHS = NO;
				CLANG_ANALYZER_NONNULL = YES;
				CLANG_ANALYZER_NUMBER_OBJECT_CONVERSION = YES_AGGRESSIVE;
				CLANG_CXX_LANGUAGE_STANDARD = "gnu++17";
				CLANG_ENABLE_MODULES = YES;
				CLANG_ENABLE_OBJC_ARC = YES;
				CLANG_ENABLE_OBJC_WEAK = YES;
				CLANG_WARN_BLOCK_CAPTURE_AUTORELEASING = YES;
				CLANG_WARN_BOOL_CONVERSION = YES;
				CLANG_WARN_COMMA = YES;
				CLANG_WARN_CONSTANT_CONVERSION = YES;
				CLANG_WARN_DEPRECATED_OBJC_IMPLEMENTATIONS = YES;
				CLANG_WARN_DIRECT_OBJC_ISA_USAGE = YES_ERROR;
				CLANG_WARN_DOCUMENTATION_COMMENTS = YES;
				CLANG_WARN_EMPTY_BODY = YES;
				CLANG_WARN_ENUM_CONVERSION = YES;
				CLANG_WARN_INFINITE_RECURSION = YES;
				CLANG_WARN_INT_CONVERSION = YES;
				CLANG_WARN_NON_LITERAL_NULL_CONVERSION = YES;
				CLANG_WARN_OBJC_IMPLICIT_RETAIN_SELF = YES;
				CLANG_WARN_OBJC_LITERAL_CONVERSION = YES;
				CLANG_WARN_OBJC_ROOT_CLASS = YES_ERROR;
				CLANG_WARN_QUOTED_INCLUDE_IN_FRAMEWORK_HEADER = YES;
				CLANG_WARN_RANGE_LOOP_ANALYSIS = YES;
				CLANG_WARN_STRICT_PROTOTYPES = YES;
				CLANG_WARN_SUSPICIOUS_MOVE = YES;
				CLANG_WARN_UNGUARDED_AVAILABILITY = YES_AGGRESSIVE;
				CLANG_WARN_UNREACHABLE_CODE = YES;
				CLANG_WARN__DUPLICATE_METHOD_MATCH = YES;
				COPY_PHASE_STRIP = NO;
				DEBUG_INFORMATION_FORMAT = "dwarf-with-dsym";
				ENABLE_NS_ASSERTIONS = NO;
				ENABLE_STRICT_OBJC_MSGSEND = YES;
				GCC_C_LANGUAGE_STANDARD = gnu11;
				GCC_NO_COMMON_BLOCKS = YES;
				GCC_WARN_64_TO_32_BIT_CONVERSION = YES;
				GCC_WARN_ABOUT_RETURN_TYPE = YES_ERROR;
				GCC_WARN_UNDECLARED_SELECTOR = YES;
				GCC_WARN_UNINITIALIZED_AUTOS = YES_AGGRESSIVE;
				GCC_WARN_UNUSED_FUNCTION = YES;
				GCC_WARN_UNUSED_VARIABLE = YES;
				IPHONEOS_DEPLOYMENT_TARGET = 15.5;
				MTL_ENABLE_DEBUG_INFO = NO;
				MTL_FAST_MATH = YES;
				SDKROOT = iphoneos;
				SWIFT_COMPILATION_MODE = wholemodule;
				SWIFT_OPTIMIZATION_LEVEL = "-O";
				VALIDATE_PRODUCT = YES;
			};
			name = Release;
		};
		F75C83CC28CCB7AC00B4056B /* Debug */ = {
			isa = XCBuildConfiguration;
			buildSettings = {
				ASSETCATALOG_COMPILER_APPICON_NAME = AppIcon;
				ASSETCATALOG_COMPILER_GLOBAL_ACCENT_COLOR_NAME = AccentColor;
				CODE_SIGN_STYLE = Automatic;
				CURRENT_PROJECT_VERSION = 1;
				DEVELOPMENT_TEAM = RDA574N926;
				GENERATE_INFOPLIST_FILE = YES;
				INFOPLIST_FILE = LatihanDownloadTask/Info.plist;
				INFOPLIST_KEY_UIApplicationSupportsIndirectInputEvents = YES;
				INFOPLIST_KEY_UILaunchStoryboardName = LaunchScreen;
				INFOPLIST_KEY_UIMainStoryboardFile = Main;
				INFOPLIST_KEY_UISupportedInterfaceOrientations_iPad = "UIInterfaceOrientationPortrait UIInterfaceOrientationPortraitUpsideDown UIInterfaceOrientationLandscapeLeft UIInterfaceOrientationLandscapeRight";
				INFOPLIST_KEY_UISupportedInterfaceOrientations_iPhone = "UIInterfaceOrientationPortrait UIInterfaceOrientationLandscapeLeft UIInterfaceOrientationLandscapeRight";
				LD_RUNPATH_SEARCH_PATHS = (
					"$(inherited)",
					"@executable_path/Frameworks",
				);
				MARKETING_VERSION = 1.0;
				PRODUCT_BUNDLE_IDENTIFIER = com.patriciafiona.LatihanDownloadTask;
				PRODUCT_NAME = "$(TARGET_NAME)";
				SWIFT_EMIT_LOC_STRINGS = YES;
				SWIFT_VERSION = 5.0;
				TARGETED_DEVICE_FAMILY = "1,2";
			};
			name = Debug;
		};
		F75C83CD28CCB7AC00B4056B /* Release */ = {
			isa = XCBuildConfiguration;
			buildSettings = {
				ASSETCATALOG_COMPILER_APPICON_NAME = AppIcon;
				ASSETCATALOG_COMPILER_GLOBAL_ACCENT_COLOR_NAME = AccentColor;
				CODE_SIGN_STYLE = Automatic;
				CURRENT_PROJECT_VERSION = 1;
				DEVELOPMENT_TEAM = RDA574N926;
				GENERATE_INFOPLIST_FILE = YES;
				INFOPLIST_FILE = LatihanDownloadTask/Info.plist;
				INFOPLIST_KEY_UIApplicationSupportsIndirectInputEvents = YES;
				INFOPLIST_KEY_UILaunchStoryboardName = LaunchScreen;
				INFOPLIST_KEY_UIMainStoryboardFile = Main;
				INFOPLIST_KEY_UISupportedInterfaceOrientations_iPad = "UIInterfaceOrientationPortrait UIInterfaceOrientationPortraitUpsideDown UIInterfaceOrientationLandscapeLeft UIInterfaceOrientationLandscapeRight";
				INFOPLIST_KEY_UISupportedInterfaceOrientations_iPhone = "UIInterfaceOrientationPortrait UIInterfaceOrientationLandscapeLeft UIInterfaceOrientationLandscapeRight";
				LD_RUNPATH_SEARCH_PATHS = (
					"$(inherited)",
					"@executable_path/Frameworks",
				);
				MARKETING_VERSION = 1.0;
				PRODUCT_BUNDLE_IDENTIFIER = com.patriciafiona.LatihanDownloadTask;
				PRODUCT_NAME = "$(TARGET_NAME)";
				SWIFT_EMIT_LOC_STRINGS = YES;
				SWIFT_VERSION = 5.0;
				TARGETED_DEVICE_FAMILY = "1,2";
			};
			name = Release;
		};
		F75C83CF28CCB7AC00B4056B /* Debug */ = {
			isa = XCBuildConfiguration;
			buildSettings = {
				ALWAYS_EMBED_SWIFT_STANDARD_LIBRARIES = YES;
				BUNDLE_LOADER = "$(TEST_HOST)";
				CODE_SIGN_STYLE = Automatic;
				CURRENT_PROJECT_VERSION = 1;
				DEVELOPMENT_TEAM = RDA574N926;
				GENERATE_INFOPLIST_FILE = YES;
				IPHONEOS_DEPLOYMENT_TARGET = 15.5;
				MARKETING_VERSION = 1.0;
				PRODUCT_BUNDLE_IDENTIFIER = com.patriciafiona.LatihanDownloadTaskTests;
				PRODUCT_NAME = "$(TARGET_NAME)";
				SWIFT_EMIT_LOC_STRINGS = NO;
				SWIFT_VERSION = 5.0;
				TARGETED_DEVICE_FAMILY = "1,2";
				TEST_HOST = "$(BUILT_PRODUCTS_DIR)/LatihanDownloadTask.app/LatihanDownloadTask";
			};
			name = Debug;
		};
		F75C83D028CCB7AC00B4056B /* Release */ = {
			isa = XCBuildConfiguration;
			buildSettings = {
				ALWAYS_EMBED_SWIFT_STANDARD_LIBRARIES = YES;
				BUNDLE_LOADER = "$(TEST_HOST)";
				CODE_SIGN_STYLE = Automatic;
				CURRENT_PROJECT_VERSION = 1;
				DEVELOPMENT_TEAM = RDA574N926;
				GENERATE_INFOPLIST_FILE = YES;
				IPHONEOS_DEPLOYMENT_TARGET = 15.5;
				MARKETING_VERSION = 1.0;
				PRODUCT_BUNDLE_IDENTIFIER = com.patriciafiona.LatihanDownloadTaskTests;
				PRODUCT_NAME = "$(TARGET_NAME)";
				SWIFT_EMIT_LOC_STRINGS = NO;
				SWIFT_VERSION = 5.0;
				TARGETED_DEVICE_FAMILY = "1,2";
				TEST_HOST = "$(BUILT_PRODUCTS_DIR)/LatihanDownloadTask.app/LatihanDownloadTask";
			};
			name = Release;
		};
		F75C83D228CCB7AC00B4056B /* Debug */ = {
			isa = XCBuildConfiguration;
			buildSettings = {
				ALWAYS_EMBED_SWIFT_STANDARD_LIBRARIES = YES;
				CODE_SIGN_STYLE = Automatic;
				CURRENT_PROJECT_VERSION = 1;
				DEVELOPMENT_TEAM = RDA574N926;
				GENERATE_INFOPLIST_FILE = YES;
				MARKETING_VERSION = 1.0;
				PRODUCT_BUNDLE_IDENTIFIER = com.patriciafiona.LatihanDownloadTaskUITests;
				PRODUCT_NAME = "$(TARGET_NAME)";
				SWIFT_EMIT_LOC_STRINGS = NO;
				SWIFT_VERSION = 5.0;
				TARGETED_DEVICE_FAMILY = "1,2";
				TEST_TARGET_NAME = LatihanDownloadTask;
			};
			name = Debug;
		};
		F75C83D328CCB7AC00B4056B /* Release */ = {
			isa = XCBuildConfiguration;
			buildSettings = {
				ALWAYS_EMBED_SWIFT_STANDARD_LIBRARIES = YES;
				CODE_SIGN_STYLE = Automatic;
				CURRENT_PROJECT_VERSION = 1;
				DEVELOPMENT_TEAM = RDA574N926;
				GENERATE_INFOPLIST_FILE = YES;
				MARKETING_VERSION = 1.0;
				PRODUCT_BUNDLE_IDENTIFIER = com.patriciafiona.LatihanDownloadTaskUITests;
				PRODUCT_NAME = "$(TARGET_NAME)";
				SWIFT_EMIT_LOC_STRINGS = NO;
				SWIFT_VERSION = 5.0;
				TARGETED_DEVICE_FAMILY = "1,2";
				TEST_TARGET_NAME = LatihanDownloadTask;
			};
			name = Release;
		};
/* End XCBuildConfiguration section */

/* Begin XCConfigurationList section */
		F75C839C28CCB7AA00B4056B /* Build configuration list for PBXProject "LatihanDownloadTask" */ = {
			isa = XCConfigurationList;
			buildConfigurations = (
				F75C83C928CCB7AC00B4056B /* Debug */,
				F75C83CA28CCB7AC00B4056B /* Release */,
			);
			defaultConfigurationIsVisible = 0;
			defaultConfigurationName = Release;
		};
		F75C83CB28CCB7AC00B4056B /* Build configuration list for PBXNativeTarget "LatihanDownloadTask" */ = {
			isa = XCConfigurationList;
			buildConfigurations = (
				F75C83CC28CCB7AC00B4056B /* Debug */,
				F75C83CD28CCB7AC00B4056B /* Release */,
			);
			defaultConfigurationIsVisible = 0;
			defaultConfigurationName = Release;
		};
		F75C83CE28CCB7AC00B4056B /* Build configuration list for PBXNativeTarget "LatihanDownloadTaskTests" */ = {
			isa = XCConfigurationList;
			buildConfigurations = (
				F75C83CF28CCB7AC00B4056B /* Debug */,
				F75C83D028CCB7AC00B4056B /* Release */,
			);
			defaultConfigurationIsVisible = 0;
			defaultConfigurationName = Release;
		};
		F75C83D128CCB7AC00B4056B /* Build configuration list for PBXNativeTarget "LatihanDownloadTaskUITests" */ = {
			isa = XCConfigurationList;
			buildConfigurations = (
				F75C83D228CCB7AC00B4056B /* Debug */,
				F75C83D328CCB7AC00B4056B /* Release */,
			);
			defaultConfigurationIsVisible = 0;
			defaultConfigurationName = Release;
		};
/* End XCConfigurationList section */
	};
	rootObject = F75C839928CCB7AA00B4056B /* Project object */;
}
